// !$*UTF8*$!
{
	archiveVersion = 1;
	classes = {
	};
	objectVersion = 46;
	objects = {

/* Begin PBXBuildFile section */
		4C2CA0081751BA150066B379 /* UIKit.framework in Frameworks */ = {isa = PBXBuildFile; fileRef = 4C2CA0071751BA150066B379 /* UIKit.framework */; };
		4C2CA00A1751BA150066B379 /* Foundation.framework in Frameworks */ = {isa = PBXBuildFile; fileRef = 4C2CA0091751BA150066B379 /* Foundation.framework */; };
		4C2CA00C1751BA150066B379 /* CoreGraphics.framework in Frameworks */ = {isa = PBXBuildFile; fileRef = 4C2CA00B1751BA150066B379 /* CoreGraphics.framework */; };
		4C2CA0121751BA150066B379 /* InfoPlist.strings in Resources */ = {isa = PBXBuildFile; fileRef = 4C2CA0101751BA150066B379 /* InfoPlist.strings */; };
		4C2CA0141751BA150066B379 /* main.m in Sources */ = {isa = PBXBuildFile; fileRef = 4C2CA0131751BA150066B379 /* main.m */; };
		4C2CA0181751BA150066B379 /* TGAppDelegate.m in Sources */ = {isa = PBXBuildFile; fileRef = 4C2CA0171751BA150066B379 /* TGAppDelegate.m */; };
		4C2CA01A1751BA150066B379 /* Default.png in Resources */ = {isa = PBXBuildFile; fileRef = 4C2CA0191751BA150066B379 /* Default.png */; };
		4C2CA01C1751BA150066B379 /* Default@2x.png in Resources */ = {isa = PBXBuildFile; fileRef = 4C2CA01B1751BA150066B379 /* Default@2x.png */; };
		4C2CA01E1751BA150066B379 /* Default-568h@2x.png in Resources */ = {isa = PBXBuildFile; fileRef = 4C2CA01D1751BA150066B379 /* Default-568h@2x.png */; };
		4C2CA0211751BA150066B379 /* TGViewController.m in Sources */ = {isa = PBXBuildFile; fileRef = 4C2CA0201751BA150066B379 /* TGViewController.m */; };
		4C2CA0241751BA150066B379 /* TGViewController.xib in Resources */ = {isa = PBXBuildFile; fileRef = 4C2CA0221751BA150066B379 /* TGViewController.xib */; };
		4C2CA0301751BDBE0066B379 /* TGImageViewerViewController.m in Sources */ = {isa = PBXBuildFile; fileRef = 4C2CA02E1751BDBE0066B379 /* TGImageViewerViewController.m */; };
		4C2CA0311751BDBE0066B379 /* TGImageViewerViewController.xib in Resources */ = {isa = PBXBuildFile; fileRef = 4C2CA02F1751BDBE0066B379 /* TGImageViewerViewController.xib */; };
		4C2CA0341751BF1C0066B379 /* TGSlothRenderer.m in Sources */ = {isa = PBXBuildFile; fileRef = 4C2CA0331751BF1C0066B379 /* TGSlothRenderer.m */; };
		4C2CA0361751C1D40066B379 /* QuartzCore.framework in Frameworks */ = {isa = PBXBuildFile; fileRef = 4C2CA0351751C1D40066B379 /* QuartzCore.framework */; };
		4C2CA0381751C1D80066B379 /* CoreImage.framework in Frameworks */ = {isa = PBXBuildFile; fileRef = 4C2CA0371751C1D80066B379 /* CoreImage.framework */; };
		4C2CA03A1751C65B0066B379 /* slothface1.png in Resources */ = {isa = PBXBuildFile; fileRef = 4C2CA0391751C65B0066B379 /* slothface1.png */; };
		4C2CA0411751C7480066B379 /* slothface6.png in Resources */ = {isa = PBXBuildFile; fileRef = 4C2CA03C1751C7480066B379 /* slothface6.png */; };
		4C2CA0421751C7480066B379 /* slothface5.png in Resources */ = {isa = PBXBuildFile; fileRef = 4C2CA03D1751C7480066B379 /* slothface5.png */; };
		4C2CA0431751C7480066B379 /* slothface4.png in Resources */ = {isa = PBXBuildFile; fileRef = 4C2CA03E1751C7480066B379 /* slothface4.png */; };
		4C2CA0441751C7480066B379 /* slothface3.png in Resources */ = {isa = PBXBuildFile; fileRef = 4C2CA03F1751C7480066B379 /* slothface3.png */; };
		4C2CA0451751C7480066B379 /* slothface2.png in Resources */ = {isa = PBXBuildFile; fileRef = 4C2CA0401751C7480066B379 /* slothface2.png */; };
		4C2CA0471751C8DD0066B379 /* slothface7.png in Resources */ = {isa = PBXBuildFile; fileRef = 4C2CA0461751C8DD0066B379 /* slothface7.png */; };
		4C2CA0491751D2DD0066B379 /* Social.framework in Frameworks */ = {isa = PBXBuildFile; fileRef = 4C2CA0481751D2DD0066B379 /* Social.framework */; settings = {ATTRIBUTES = (Weak, ); }; };
		4C2CA04B1751D2F80066B379 /* Twitter.framework in Frameworks */ = {isa = PBXBuildFile; fileRef = 4C2CA04A1751D2F80066B379 /* Twitter.framework */; };
		4C2CA04E1752697E0066B379 /* UIImage+FixOrientation.m in Sources */ = {isa = PBXBuildFile; fileRef = 4C2CA04D1752697E0066B379 /* UIImage+FixOrientation.m */; };
		4CDFC3ED1752EA5B002FD14E /* icon@2x.png in Resources */ = {isa = PBXBuildFile; fileRef = 4CDFC3EC1752EA5B002FD14E /* icon@2x.png */; };
		4CDFC3EF1752EA5D002FD14E /* icon.png in Resources */ = {isa = PBXBuildFile; fileRef = 4CDFC3EE1752EA5D002FD14E /* icon.png */; };
		4CDFC6C41753017F002FD14E /* MPGoogleAdMobBannerCustomEvent.m in Sources */ = {isa = PBXBuildFile; fileRef = 4CDFC6111753017E002FD14E /* MPGoogleAdMobBannerCustomEvent.m */; };
		4CDFC6C51753017F002FD14E /* MPGoogleAdMobInterstitialCustomEvent.m in Sources */ = {isa = PBXBuildFile; fileRef = 4CDFC6131753017E002FD14E /* MPGoogleAdMobInterstitialCustomEvent.m */; };
		4CDFC6C61753017F002FD14E /* libGoogleAdMobAds.a in Frameworks */ = {isa = PBXBuildFile; fileRef = 4CDFC61E1753017E002FD14E /* libGoogleAdMobAds.a */; };
		4CDFC6C71753017F002FD14E /* README.md in Resources */ = {isa = PBXBuildFile; fileRef = 4CDFC61F1753017E002FD14E /* README.md */; };
		4CDFC6C81753017F002FD14E /* MPiAdBannerCustomEvent.m in Sources */ = {isa = PBXBuildFile; fileRef = 4CDFC6221753017E002FD14E /* MPiAdBannerCustomEvent.m */; };
		4CDFC6C91753017F002FD14E /* MPiAdInterstitialCustomEvent.m in Sources */ = {isa = PBXBuildFile; fileRef = 4CDFC6241753017E002FD14E /* MPiAdInterstitialCustomEvent.m */; };
		4CDFC6CA1753017F002FD14E /* MPMillennialBannerCustomEvent.m in Sources */ = {isa = PBXBuildFile; fileRef = 4CDFC6271753017E002FD14E /* MPMillennialBannerCustomEvent.m */; };
		4CDFC6CB1753017F002FD14E /* MPMillennialInterstitialCustomEvent.m in Sources */ = {isa = PBXBuildFile; fileRef = 4CDFC6291753017E002FD14E /* MPMillennialInterstitialCustomEvent.m */; };
		4CDFC6CC1753017F002FD14E /* libMMSDK_5.0.1.a in Frameworks */ = {isa = PBXBuildFile; fileRef = 4CDFC62B1753017E002FD14E /* libMMSDK_5.0.1.a */; };
		4CDFC6CD1753017F002FD14E /* README.md in Resources */ = {isa = PBXBuildFile; fileRef = 4CDFC6301753017E002FD14E /* README.md */; };
		4CDFC6CE1753017F002FD14E /* CDataScanner.m in Sources */ = {isa = PBXBuildFile; fileRef = 4CDFC6341753017E002FD14E /* CDataScanner.m */; };
		4CDFC6CF1753017F002FD14E /* CFilteringJSONSerializer.m in Sources */ = {isa = PBXBuildFile; fileRef = 4CDFC6371753017E002FD14E /* CFilteringJSONSerializer.m */; };
		4CDFC6D01753017F002FD14E /* CJSONDeserializer_BlocksExtensions.m in Sources */ = {isa = PBXBuildFile; fileRef = 4CDFC6391753017E002FD14E /* CJSONDeserializer_BlocksExtensions.m */; };
		4CDFC6D11753017F002FD14E /* CJSONSerialization.m in Sources */ = {isa = PBXBuildFile; fileRef = 4CDFC63B1753017E002FD14E /* CJSONSerialization.m */; };
		4CDFC6D21753017F002FD14E /* CJSONSerializedData.m in Sources */ = {isa = PBXBuildFile; fileRef = 4CDFC63D1753017E002FD14E /* CJSONSerializedData.m */; };
		4CDFC6D31753017F002FD14E /* CDataScanner_Extensions.m in Sources */ = {isa = PBXBuildFile; fileRef = 4CDFC6401753017E002FD14E /* CDataScanner_Extensions.m */; };
		4CDFC6D41753017F002FD14E /* NSDictionary_JSONExtensions.m in Sources */ = {isa = PBXBuildFile; fileRef = 4CDFC6421753017E002FD14E /* NSDictionary_JSONExtensions.m */; };
		4CDFC6D51753017F002FD14E /* CJSONDeserializer.m in Sources */ = {isa = PBXBuildFile; fileRef = 4CDFC6451753017E002FD14E /* CJSONDeserializer.m */; };
		4CDFC6D61753017F002FD14E /* CJSONScanner.m in Sources */ = {isa = PBXBuildFile; fileRef = 4CDFC6471753017E002FD14E /* CJSONScanner.m */; };
		4CDFC6D71753017F002FD14E /* CJSONSerializer.m in Sources */ = {isa = PBXBuildFile; fileRef = 4CDFC6491753017E002FD14E /* CJSONSerializer.m */; };
		4CDFC6D81753017F002FD14E /* LICENSE.txt in Resources */ = {isa = PBXBuildFile; fileRef = 4CDFC64B1753017E002FD14E /* LICENSE.txt */; };
		4CDFC6D91753017F002FD14E /* README.markdown in Resources */ = {isa = PBXBuildFile; fileRef = 4CDFC64C1753017E002FD14E /* README.markdown */; };
		4CDFC6DA1753017F002FD14E /* MPBannerAdManager.m in Sources */ = {isa = PBXBuildFile; fileRef = 4CDFC6501753017E002FD14E /* MPBannerAdManager.m */; };
		4CDFC6DB1753017F002FD14E /* MPBannerCustomEventAdapter.m in Sources */ = {isa = PBXBuildFile; fileRef = 4CDFC6531753017E002FD14E /* MPBannerCustomEventAdapter.m */; };
		4CDFC6DC1753017F002FD14E /* MPBaseBannerAdapter.m in Sources */ = {isa = PBXBuildFile; fileRef = 4CDFC6551753017E002FD14E /* MPBaseBannerAdapter.m */; };
		4CDFC6DD1753017F002FD14E /* MPLegacyBannerCustomEventAdapter.m in Sources */ = {isa = PBXBuildFile; fileRef = 4CDFC6571753017E002FD14E /* MPLegacyBannerCustomEventAdapter.m */; };
		4CDFC6DE1753017F002FD14E /* MPAdBrowserController.m in Sources */ = {isa = PBXBuildFile; fileRef = 4CDFC65B1753017E002FD14E /* MPAdBrowserController.m */; };
		4CDFC6DF1753017F002FD14E /* MPAdBrowserController.xib in Resources */ = {isa = PBXBuildFile; fileRef = 4CDFC65C1753017E002FD14E /* MPAdBrowserController.xib */; };
		4CDFC6E01753017F002FD14E /* MPAdConfiguration.m in Sources */ = {isa = PBXBuildFile; fileRef = 4CDFC65E1753017E002FD14E /* MPAdConfiguration.m */; };
		4CDFC6E11753017F002FD14E /* MPAdDestinationDisplayAgent.m in Sources */ = {isa = PBXBuildFile; fileRef = 4CDFC6601753017E002FD14E /* MPAdDestinationDisplayAgent.m */; };
		4CDFC6E21753017F002FD14E /* MPAdServerCommunicator.m in Sources */ = {isa = PBXBuildFile; fileRef = 4CDFC6621753017E002FD14E /* MPAdServerCommunicator.m */; };
		4CDFC6E31753017F002FD14E /* MPAdServerURLBuilder.m in Sources */ = {isa = PBXBuildFile; fileRef = 4CDFC6641753017E002FD14E /* MPAdServerURLBuilder.m */; };
		4CDFC6E41753017F002FD14E /* MPFacebookKeywordProvider.m in Sources */ = {isa = PBXBuildFile; fileRef = 4CDFC6661753017E002FD14E /* MPFacebookKeywordProvider.m */; };
		4CDFC6E51753017F002FD14E /* MPProgressOverlayView.m in Sources */ = {isa = PBXBuildFile; fileRef = 4CDFC6691753017E002FD14E /* MPProgressOverlayView.m */; };
		4CDFC6E61753017F002FD14E /* MPURLResolver.m in Sources */ = {isa = PBXBuildFile; fileRef = 4CDFC66B1753017E002FD14E /* MPURLResolver.m */; };
		4CDFC6E71753017F002FD14E /* MPAdWebView.m in Sources */ = {isa = PBXBuildFile; fileRef = 4CDFC66E1753017E002FD14E /* MPAdWebView.m */; };
		4CDFC6E81753017F002FD14E /* MPAdWebViewAgent.m in Sources */ = {isa = PBXBuildFile; fileRef = 4CDFC6701753017E002FD14E /* MPAdWebViewAgent.m */; };
		4CDFC6E91753017F002FD14E /* MPHTMLBannerCustomEvent.m in Sources */ = {isa = PBXBuildFile; fileRef = 4CDFC6721753017E002FD14E /* MPHTMLBannerCustomEvent.m */; };
		4CDFC6EA1753017F002FD14E /* MPHTMLInterstitialCustomEvent.m in Sources */ = {isa = PBXBuildFile; fileRef = 4CDFC6741753017E002FD14E /* MPHTMLInterstitialCustomEvent.m */; };
		4CDFC6EB1753017F002FD14E /* MPHTMLInterstitialViewController.m in Sources */ = {isa = PBXBuildFile; fileRef = 4CDFC6761753017E002FD14E /* MPHTMLInterstitialViewController.m */; };
		4CDFC6EC1753017F002FD14E /* MPBaseInterstitialAdapter.m in Sources */ = {isa = PBXBuildFile; fileRef = 4CDFC6791753017E002FD14E /* MPBaseInterstitialAdapter.m */; };
		4CDFC6ED1753017F002FD14E /* MPInterstitialAdManager.m in Sources */ = {isa = PBXBuildFile; fileRef = 4CDFC67B1753017E002FD14E /* MPInterstitialAdManager.m */; };
		4CDFC6EE1753017F002FD14E /* MPInterstitialCustomEventAdapter.m in Sources */ = {isa = PBXBuildFile; fileRef = 4CDFC67E1753017E002FD14E /* MPInterstitialCustomEventAdapter.m */; };
		4CDFC6EF1753017F002FD14E /* MPInterstitialViewController.m in Sources */ = {isa = PBXBuildFile; fileRef = 4CDFC6801753017E002FD14E /* MPInterstitialViewController.m */; };
		4CDFC6F01753017F002FD14E /* MPLegacyInterstitialCustomEventAdapter.m in Sources */ = {isa = PBXBuildFile; fileRef = 4CDFC6821753017E002FD14E /* MPLegacyInterstitialCustomEventAdapter.m */; };
		4CDFC6F11753017F002FD14E /* MPInstanceProvider.m in Sources */ = {isa = PBXBuildFile; fileRef = 4CDFC6851753017E002FD14E /* MPInstanceProvider.m */; };
		4CDFC6F21753017F002FD14E /* LICENSE in Resources */ = {isa = PBXBuildFile; fileRef = 4CDFC6871753017E002FD14E /* LICENSE */; };
		4CDFC6F31753017F002FD14E /* MPMRAIDBannerCustomEvent.m in Sources */ = {isa = PBXBuildFile; fileRef = 4CDFC6891753017E002FD14E /* MPMRAIDBannerCustomEvent.m */; };
		4CDFC6F41753017F002FD14E /* MPMRAIDInterstitialCustomEvent.m in Sources */ = {isa = PBXBuildFile; fileRef = 4CDFC68B1753017E002FD14E /* MPMRAIDInterstitialCustomEvent.m */; };
		4CDFC6F51753017F002FD14E /* MPMRAIDInterstitialViewController.m in Sources */ = {isa = PBXBuildFile; fileRef = 4CDFC68D1753017E002FD14E /* MPMRAIDInterstitialViewController.m */; };
		4CDFC6F61753017F002FD14E /* MRAdView.m in Sources */ = {isa = PBXBuildFile; fileRef = 4CDFC6901753017E002FD14E /* MRAdView.m */; };
		4CDFC6F71753017F002FD14E /* MRAdViewDisplayController.m in Sources */ = {isa = PBXBuildFile; fileRef = 4CDFC6921753017E002FD14E /* MRAdViewDisplayController.m */; };
		4CDFC6F81753017F002FD14E /* MRCommand.m in Sources */ = {isa = PBXBuildFile; fileRef = 4CDFC6941753017E002FD14E /* MRCommand.m */; };
		4CDFC6F91753017F002FD14E /* MRDimmingView.m in Sources */ = {isa = PBXBuildFile; fileRef = 4CDFC6961753017E002FD14E /* MRDimmingView.m */; };
		4CDFC6FA1753017F002FD14E /* MRProperty.m in Sources */ = {isa = PBXBuildFile; fileRef = 4CDFC6981753017E002FD14E /* MRProperty.m */; };
		4CDFC6FB1753017F002FD14E /* NSURL+MPAdditions.m in Sources */ = {isa = PBXBuildFile; fileRef = 4CDFC69C1753017E002FD14E /* NSURL+MPAdditions.m */; };
		4CDFC6FC1753017F002FD14E /* UIViewController+MPAdditions.m in Sources */ = {isa = PBXBuildFile; fileRef = 4CDFC69E1753017E002FD14E /* UIViewController+MPAdditions.m */; };
		4CDFC6FD1753017F002FD14E /* UIWebView+MPAdditions.m in Sources */ = {isa = PBXBuildFile; fileRef = 4CDFC6A01753017E002FD14E /* UIWebView+MPAdditions.m */; };
		4CDFC6FE1753017F002FD14E /* MPAnalyticsTracker.m in Sources */ = {isa = PBXBuildFile; fileRef = 4CDFC6A21753017E002FD14E /* MPAnalyticsTracker.m */; };
		4CDFC6FF1753017F002FD14E /* MPError.m in Sources */ = {isa = PBXBuildFile; fileRef = 4CDFC6A41753017E002FD14E /* MPError.m */; };
		4CDFC7001753017F002FD14E /* MPGlobal.m in Sources */ = {isa = PBXBuildFile; fileRef = 4CDFC6A61753017E002FD14E /* MPGlobal.m */; };
		4CDFC7011753017F002FD14E /* MPIdentityProvider.m in Sources */ = {isa = PBXBuildFile; fileRef = 4CDFC6A81753017E002FD14E /* MPIdentityProvider.m */; };
		4CDFC7021753017F002FD14E /* MPLogging.m in Sources */ = {isa = PBXBuildFile; fileRef = 4CDFC6AA1753017E002FD14E /* MPLogging.m */; };
		4CDFC7031753017F002FD14E /* MPReachability.m in Sources */ = {isa = PBXBuildFile; fileRef = 4CDFC6AC1753017E002FD14E /* MPReachability.m */; };
		4CDFC7041753017F002FD14E /* MPSessionTracker.m in Sources */ = {isa = PBXBuildFile; fileRef = 4CDFC6AE1753017E002FD14E /* MPSessionTracker.m */; };
		4CDFC7051753017F002FD14E /* MPStoreKitProvider.m in Sources */ = {isa = PBXBuildFile; fileRef = 4CDFC6B01753017E002FD14E /* MPStoreKitProvider.m */; };
		4CDFC7061753017F002FD14E /* MPTimer.m in Sources */ = {isa = PBXBuildFile; fileRef = 4CDFC6B21753017E002FD14E /* MPTimer.m */; };
		4CDFC7071753017F002FD14E /* MPAdConversionTracker.m in Sources */ = {isa = PBXBuildFile; fileRef = 4CDFC6B41753017E002FD14E /* MPAdConversionTracker.m */; };
		4CDFC7081753017F002FD14E /* MPAdView.m in Sources */ = {isa = PBXBuildFile; fileRef = 4CDFC6B61753017E002FD14E /* MPAdView.m */; };
		4CDFC7091753017F002FD14E /* MPBannerCustomEvent.m in Sources */ = {isa = PBXBuildFile; fileRef = 4CDFC6B81753017E002FD14E /* MPBannerCustomEvent.m */; };
		4CDFC70A1753017F002FD14E /* MPInterstitialAdController.m in Sources */ = {isa = PBXBuildFile; fileRef = 4CDFC6BC1753017E002FD14E /* MPInterstitialAdController.m */; };
		4CDFC70B1753017F002FD14E /* MPInterstitialCustomEvent.m in Sources */ = {isa = PBXBuildFile; fileRef = 4CDFC6BE1753017E002FD14E /* MPInterstitialCustomEvent.m */; };
		4CDFC70C1753017F002FD14E /* MPCloseButtonX.png in Resources */ = {isa = PBXBuildFile; fileRef = 4CDFC6C11753017F002FD14E /* MPCloseButtonX.png */; };
		4CDFC70D1753017F002FD14E /* MPCloseButtonX@2x.png in Resources */ = {isa = PBXBuildFile; fileRef = 4CDFC6C21753017F002FD14E /* MPCloseButtonX@2x.png */; };
		4CDFC70E1753017F002FD14E /* MRAID.bundle in Resources */ = {isa = PBXBuildFile; fileRef = 4CDFC6C31753017F002FD14E /* MRAID.bundle */; };
		4CDFC710175301E8002FD14E /* AdSupport.framework in Frameworks */ = {isa = PBXBuildFile; fileRef = 4CDFC70F175301E8002FD14E /* AdSupport.framework */; settings = {ATTRIBUTES = (Weak, ); }; };
		4CDFC712175301F6002FD14E /* CoreLocation.framework in Frameworks */ = {isa = PBXBuildFile; fileRef = 4CDFC711175301F6002FD14E /* CoreLocation.framework */; };
		4CDFC714175301FC002FD14E /* CoreTelephony.framework in Frameworks */ = {isa = PBXBuildFile; fileRef = 4CDFC713175301FC002FD14E /* CoreTelephony.framework */; };
		4CDFC71617530205002FD14E /* StoreKit.framework in Frameworks */ = {isa = PBXBuildFile; fileRef = 4CDFC71517530205002FD14E /* StoreKit.framework */; settings = {ATTRIBUTES = (Weak, ); }; };
		4CDFC7181753020F002FD14E /* SystemConfiguration.framework in Frameworks */ = {isa = PBXBuildFile; fileRef = 4CDFC7171753020F002FD14E /* SystemConfiguration.framework */; };
		4CDFC71A17530217002FD14E /* AudioToolbox.framework in Frameworks */ = {isa = PBXBuildFile; fileRef = 4CDFC71917530217002FD14E /* AudioToolbox.framework */; };
		4CDFC71C17530222002FD14E /* AVFoundation.framework in Frameworks */ = {isa = PBXBuildFile; fileRef = 4CDFC71B17530222002FD14E /* AVFoundation.framework */; };
		4CDFC71E17530235002FD14E /* iAd.framework in Frameworks */ = {isa = PBXBuildFile; fileRef = 4CDFC71D17530235002FD14E /* iAd.framework */; };
		4CDFC7201753023A002FD14E /* MediaPlayer.framework in Frameworks */ = {isa = PBXBuildFile; fileRef = 4CDFC71F1753023A002FD14E /* MediaPlayer.framework */; };
		4CDFC72217530241002FD14E /* MessageUI.framework in Frameworks */ = {isa = PBXBuildFile; fileRef = 4CDFC72117530241002FD14E /* MessageUI.framework */; settings = {ATTRIBUTES = (Weak, ); }; };
		4CDFC72417530247002FD14E /* PassKit.framework in Frameworks */ = {isa = PBXBuildFile; fileRef = 4CDFC72317530247002FD14E /* PassKit.framework */; settings = {ATTRIBUTES = (Weak, ); }; };
		4CDFC72617530250002FD14E /* MobileCoreServices.framework in Frameworks */ = {isa = PBXBuildFile; fileRef = 4CDFC72517530250002FD14E /* MobileCoreServices.framework */; settings = {ATTRIBUTES = (Required, ); }; };
/* End PBXBuildFile section */

/* Begin PBXFileReference section */
		4C2CA0041751BA150066B379 /* slothify.app */ = {isa = PBXFileReference; explicitFileType = wrapper.application; includeInIndex = 0; path = slothify.app; sourceTree = BUILT_PRODUCTS_DIR; };
		4C2CA0071751BA150066B379 /* UIKit.framework */ = {isa = PBXFileReference; lastKnownFileType = wrapper.framework; name = UIKit.framework; path = System/Library/Frameworks/UIKit.framework; sourceTree = SDKROOT; };
		4C2CA0091751BA150066B379 /* Foundation.framework */ = {isa = PBXFileReference; lastKnownFileType = wrapper.framework; name = Foundation.framework; path = System/Library/Frameworks/Foundation.framework; sourceTree = SDKROOT; };
		4C2CA00B1751BA150066B379 /* CoreGraphics.framework */ = {isa = PBXFileReference; lastKnownFileType = wrapper.framework; name = CoreGraphics.framework; path = System/Library/Frameworks/CoreGraphics.framework; sourceTree = SDKROOT; };
		4C2CA00F1751BA150066B379 /* FaceSloth-Info.plist */ = {isa = PBXFileReference; lastKnownFileType = text.plist.xml; path = "FaceSloth-Info.plist"; sourceTree = "<group>"; };
		4C2CA0111751BA150066B379 /* en */ = {isa = PBXFileReference; lastKnownFileType = text.plist.strings; name = en; path = en.lproj/InfoPlist.strings; sourceTree = "<group>"; };
		4C2CA0131751BA150066B379 /* main.m */ = {isa = PBXFileReference; lastKnownFileType = sourcecode.c.objc; path = main.m; sourceTree = "<group>"; };
		4C2CA0151751BA150066B379 /* FaceSloth-Prefix.pch */ = {isa = PBXFileReference; lastKnownFileType = sourcecode.c.h; path = "FaceSloth-Prefix.pch"; sourceTree = "<group>"; };
		4C2CA0161751BA150066B379 /* TGAppDelegate.h */ = {isa = PBXFileReference; lastKnownFileType = sourcecode.c.h; path = TGAppDelegate.h; sourceTree = "<group>"; };
		4C2CA0171751BA150066B379 /* TGAppDelegate.m */ = {isa = PBXFileReference; lastKnownFileType = sourcecode.c.objc; path = TGAppDelegate.m; sourceTree = "<group>"; };
		4C2CA0191751BA150066B379 /* Default.png */ = {isa = PBXFileReference; lastKnownFileType = image.png; path = Default.png; sourceTree = "<group>"; };
		4C2CA01B1751BA150066B379 /* Default@2x.png */ = {isa = PBXFileReference; lastKnownFileType = image.png; path = "Default@2x.png"; sourceTree = "<group>"; };
		4C2CA01D1751BA150066B379 /* Default-568h@2x.png */ = {isa = PBXFileReference; lastKnownFileType = image.png; path = "Default-568h@2x.png"; sourceTree = "<group>"; };
		4C2CA01F1751BA150066B379 /* TGViewController.h */ = {isa = PBXFileReference; lastKnownFileType = sourcecode.c.h; path = TGViewController.h; sourceTree = "<group>"; };
		4C2CA0201751BA150066B379 /* TGViewController.m */ = {isa = PBXFileReference; lastKnownFileType = sourcecode.c.objc; path = TGViewController.m; sourceTree = "<group>"; };
		4C2CA0231751BA150066B379 /* en */ = {isa = PBXFileReference; lastKnownFileType = file.xib; name = en; path = en.lproj/TGViewController.xib; sourceTree = "<group>"; };
		4C2CA02D1751BDBE0066B379 /* TGImageViewerViewController.h */ = {isa = PBXFileReference; fileEncoding = 4; lastKnownFileType = sourcecode.c.h; path = TGImageViewerViewController.h; sourceTree = "<group>"; };
		4C2CA02E1751BDBE0066B379 /* TGImageViewerViewController.m */ = {isa = PBXFileReference; fileEncoding = 4; lastKnownFileType = sourcecode.c.objc; path = TGImageViewerViewController.m; sourceTree = "<group>"; };
		4C2CA02F1751BDBE0066B379 /* TGImageViewerViewController.xib */ = {isa = PBXFileReference; fileEncoding = 4; lastKnownFileType = file.xib; path = TGImageViewerViewController.xib; sourceTree = "<group>"; };
		4C2CA0321751BF1C0066B379 /* TGSlothRenderer.h */ = {isa = PBXFileReference; fileEncoding = 4; lastKnownFileType = sourcecode.c.h; path = TGSlothRenderer.h; sourceTree = "<group>"; };
		4C2CA0331751BF1C0066B379 /* TGSlothRenderer.m */ = {isa = PBXFileReference; fileEncoding = 4; lastKnownFileType = sourcecode.c.objc; path = TGSlothRenderer.m; sourceTree = "<group>"; };
		4C2CA0351751C1D40066B379 /* QuartzCore.framework */ = {isa = PBXFileReference; lastKnownFileType = wrapper.framework; name = QuartzCore.framework; path = System/Library/Frameworks/QuartzCore.framework; sourceTree = SDKROOT; };
		4C2CA0371751C1D80066B379 /* CoreImage.framework */ = {isa = PBXFileReference; lastKnownFileType = wrapper.framework; name = CoreImage.framework; path = System/Library/Frameworks/CoreImage.framework; sourceTree = SDKROOT; };
		4C2CA0391751C65B0066B379 /* slothface1.png */ = {isa = PBXFileReference; lastKnownFileType = image.png; path = slothface1.png; sourceTree = "<group>"; };
		4C2CA03C1751C7480066B379 /* slothface6.png */ = {isa = PBXFileReference; lastKnownFileType = image.png; path = slothface6.png; sourceTree = "<group>"; };
		4C2CA03D1751C7480066B379 /* slothface5.png */ = {isa = PBXFileReference; lastKnownFileType = image.png; path = slothface5.png; sourceTree = "<group>"; };
		4C2CA03E1751C7480066B379 /* slothface4.png */ = {isa = PBXFileReference; lastKnownFileType = image.png; path = slothface4.png; sourceTree = "<group>"; };
		4C2CA03F1751C7480066B379 /* slothface3.png */ = {isa = PBXFileReference; lastKnownFileType = image.png; path = slothface3.png; sourceTree = "<group>"; };
		4C2CA0401751C7480066B379 /* slothface2.png */ = {isa = PBXFileReference; lastKnownFileType = image.png; path = slothface2.png; sourceTree = "<group>"; };
		4C2CA0461751C8DD0066B379 /* slothface7.png */ = {isa = PBXFileReference; lastKnownFileType = image.png; path = slothface7.png; sourceTree = "<group>"; };
		4C2CA0481751D2DD0066B379 /* Social.framework */ = {isa = PBXFileReference; lastKnownFileType = wrapper.framework; name = Social.framework; path = System/Library/Frameworks/Social.framework; sourceTree = SDKROOT; };
		4C2CA04A1751D2F80066B379 /* Twitter.framework */ = {isa = PBXFileReference; lastKnownFileType = wrapper.framework; name = Twitter.framework; path = System/Library/Frameworks/Twitter.framework; sourceTree = SDKROOT; };
		4C2CA04C1752697E0066B379 /* UIImage+FixOrientation.h */ = {isa = PBXFileReference; fileEncoding = 4; lastKnownFileType = sourcecode.c.h; path = "UIImage+FixOrientation.h"; sourceTree = "<group>"; };
		4C2CA04D1752697E0066B379 /* UIImage+FixOrientation.m */ = {isa = PBXFileReference; fileEncoding = 4; lastKnownFileType = sourcecode.c.objc; path = "UIImage+FixOrientation.m"; sourceTree = "<group>"; };
		4CDFC3EC1752EA5B002FD14E /* icon@2x.png */ = {isa = PBXFileReference; lastKnownFileType = image.png; name = "icon@2x.png"; path = "../icon@2x.png"; sourceTree = "<group>"; };
		4CDFC3EE1752EA5D002FD14E /* icon.png */ = {isa = PBXFileReference; lastKnownFileType = image.png; name = icon.png; path = ../icon.png; sourceTree = "<group>"; };
		4CDFC6101753017E002FD14E /* MPGoogleAdMobBannerCustomEvent.h */ = {isa = PBXFileReference; fileEncoding = 4; lastKnownFileType = sourcecode.c.h; path = MPGoogleAdMobBannerCustomEvent.h; sourceTree = "<group>"; };
		4CDFC6111753017E002FD14E /* MPGoogleAdMobBannerCustomEvent.m */ = {isa = PBXFileReference; fileEncoding = 4; lastKnownFileType = sourcecode.c.objc; path = MPGoogleAdMobBannerCustomEvent.m; sourceTree = "<group>"; };
		4CDFC6121753017E002FD14E /* MPGoogleAdMobInterstitialCustomEvent.h */ = {isa = PBXFileReference; fileEncoding = 4; lastKnownFileType = sourcecode.c.h; path = MPGoogleAdMobInterstitialCustomEvent.h; sourceTree = "<group>"; };
		4CDFC6131753017E002FD14E /* MPGoogleAdMobInterstitialCustomEvent.m */ = {isa = PBXFileReference; fileEncoding = 4; lastKnownFileType = sourcecode.c.objc; path = MPGoogleAdMobInterstitialCustomEvent.m; sourceTree = "<group>"; };
		4CDFC6151753017E002FD14E /* GADAdMobExtras.h */ = {isa = PBXFileReference; fileEncoding = 4; lastKnownFileType = sourcecode.c.h; path = GADAdMobExtras.h; sourceTree = "<group>"; };
		4CDFC6161753017E002FD14E /* GADAdNetworkExtras.h */ = {isa = PBXFileReference; fileEncoding = 4; lastKnownFileType = sourcecode.c.h; path = GADAdNetworkExtras.h; sourceTree = "<group>"; };
		4CDFC6171753017E002FD14E /* GADAdSize.h */ = {isa = PBXFileReference; fileEncoding = 4; lastKnownFileType = sourcecode.c.h; path = GADAdSize.h; sourceTree = "<group>"; };
		4CDFC6181753017E002FD14E /* GADBannerView.h */ = {isa = PBXFileReference; fileEncoding = 4; lastKnownFileType = sourcecode.c.h; path = GADBannerView.h; sourceTree = "<group>"; };
		4CDFC6191753017E002FD14E /* GADBannerViewDelegate.h */ = {isa = PBXFileReference; fileEncoding = 4; lastKnownFileType = sourcecode.c.h; path = GADBannerViewDelegate.h; sourceTree = "<group>"; };
		4CDFC61A1753017E002FD14E /* GADInterstitial.h */ = {isa = PBXFileReference; fileEncoding = 4; lastKnownFileType = sourcecode.c.h; path = GADInterstitial.h; sourceTree = "<group>"; };
		4CDFC61B1753017E002FD14E /* GADInterstitialDelegate.h */ = {isa = PBXFileReference; fileEncoding = 4; lastKnownFileType = sourcecode.c.h; path = GADInterstitialDelegate.h; sourceTree = "<group>"; };
		4CDFC61C1753017E002FD14E /* GADRequest.h */ = {isa = PBXFileReference; fileEncoding = 4; lastKnownFileType = sourcecode.c.h; path = GADRequest.h; sourceTree = "<group>"; };
		4CDFC61D1753017E002FD14E /* GADRequestError.h */ = {isa = PBXFileReference; fileEncoding = 4; lastKnownFileType = sourcecode.c.h; path = GADRequestError.h; sourceTree = "<group>"; };
		4CDFC61E1753017E002FD14E /* libGoogleAdMobAds.a */ = {isa = PBXFileReference; lastKnownFileType = archive.ar; path = libGoogleAdMobAds.a; sourceTree = "<group>"; };
		4CDFC61F1753017E002FD14E /* README.md */ = {isa = PBXFileReference; fileEncoding = 4; lastKnownFileType = text; path = README.md; sourceTree = "<group>"; };
		4CDFC6211753017E002FD14E /* MPiAdBannerCustomEvent.h */ = {isa = PBXFileReference; fileEncoding = 4; lastKnownFileType = sourcecode.c.h; path = MPiAdBannerCustomEvent.h; sourceTree = "<group>"; };
		4CDFC6221753017E002FD14E /* MPiAdBannerCustomEvent.m */ = {isa = PBXFileReference; fileEncoding = 4; lastKnownFileType = sourcecode.c.objc; path = MPiAdBannerCustomEvent.m; sourceTree = "<group>"; };
		4CDFC6231753017E002FD14E /* MPiAdInterstitialCustomEvent.h */ = {isa = PBXFileReference; fileEncoding = 4; lastKnownFileType = sourcecode.c.h; path = MPiAdInterstitialCustomEvent.h; sourceTree = "<group>"; };
		4CDFC6241753017E002FD14E /* MPiAdInterstitialCustomEvent.m */ = {isa = PBXFileReference; fileEncoding = 4; lastKnownFileType = sourcecode.c.objc; path = MPiAdInterstitialCustomEvent.m; sourceTree = "<group>"; };
		4CDFC6261753017E002FD14E /* MPMillennialBannerCustomEvent.h */ = {isa = PBXFileReference; fileEncoding = 4; lastKnownFileType = sourcecode.c.h; path = MPMillennialBannerCustomEvent.h; sourceTree = "<group>"; };
		4CDFC6271753017E002FD14E /* MPMillennialBannerCustomEvent.m */ = {isa = PBXFileReference; fileEncoding = 4; lastKnownFileType = sourcecode.c.objc; path = MPMillennialBannerCustomEvent.m; sourceTree = "<group>"; };
		4CDFC6281753017E002FD14E /* MPMillennialInterstitialCustomEvent.h */ = {isa = PBXFileReference; fileEncoding = 4; lastKnownFileType = sourcecode.c.h; path = MPMillennialInterstitialCustomEvent.h; sourceTree = "<group>"; };
		4CDFC6291753017E002FD14E /* MPMillennialInterstitialCustomEvent.m */ = {isa = PBXFileReference; fileEncoding = 4; lastKnownFileType = sourcecode.c.objc; path = MPMillennialInterstitialCustomEvent.m; sourceTree = "<group>"; };
		4CDFC62B1753017E002FD14E /* libMMSDK_5.0.1.a */ = {isa = PBXFileReference; lastKnownFileType = archive.ar; path = libMMSDK_5.0.1.a; sourceTree = "<group>"; };
		4CDFC62C1753017E002FD14E /* MMAdView.h */ = {isa = PBXFileReference; fileEncoding = 4; lastKnownFileType = sourcecode.c.h; path = MMAdView.h; sourceTree = "<group>"; };
		4CDFC62D1753017E002FD14E /* MMInterstitial.h */ = {isa = PBXFileReference; fileEncoding = 4; lastKnownFileType = sourcecode.c.h; path = MMInterstitial.h; sourceTree = "<group>"; };
		4CDFC62E1753017E002FD14E /* MMRequest.h */ = {isa = PBXFileReference; fileEncoding = 4; lastKnownFileType = sourcecode.c.h; path = MMRequest.h; sourceTree = "<group>"; };
		4CDFC62F1753017E002FD14E /* MMSDK.h */ = {isa = PBXFileReference; fileEncoding = 4; lastKnownFileType = sourcecode.c.h; path = MMSDK.h; sourceTree = "<group>"; };
		4CDFC6301753017E002FD14E /* README.md */ = {isa = PBXFileReference; fileEncoding = 4; lastKnownFileType = text; path = README.md; sourceTree = "<group>"; };
		4CDFC6331753017E002FD14E /* CDataScanner.h */ = {isa = PBXFileReference; fileEncoding = 4; lastKnownFileType = sourcecode.c.h; path = CDataScanner.h; sourceTree = "<group>"; };
		4CDFC6341753017E002FD14E /* CDataScanner.m */ = {isa = PBXFileReference; fileEncoding = 4; lastKnownFileType = sourcecode.c.objc; path = CDataScanner.m; sourceTree = "<group>"; };
		4CDFC6361753017E002FD14E /* CFilteringJSONSerializer.h */ = {isa = PBXFileReference; fileEncoding = 4; lastKnownFileType = sourcecode.c.h; path = CFilteringJSONSerializer.h; sourceTree = "<group>"; };
		4CDFC6371753017E002FD14E /* CFilteringJSONSerializer.m */ = {isa = PBXFileReference; fileEncoding = 4; lastKnownFileType = sourcecode.c.objc; path = CFilteringJSONSerializer.m; sourceTree = "<group>"; };
		4CDFC6381753017E002FD14E /* CJSONDeserializer_BlocksExtensions.h */ = {isa = PBXFileReference; fileEncoding = 4; lastKnownFileType = sourcecode.c.h; path = CJSONDeserializer_BlocksExtensions.h; sourceTree = "<group>"; };
		4CDFC6391753017E002FD14E /* CJSONDeserializer_BlocksExtensions.m */ = {isa = PBXFileReference; fileEncoding = 4; lastKnownFileType = sourcecode.c.objc; path = CJSONDeserializer_BlocksExtensions.m; sourceTree = "<group>"; };
		4CDFC63A1753017E002FD14E /* CJSONSerialization.h */ = {isa = PBXFileReference; fileEncoding = 4; lastKnownFileType = sourcecode.c.h; path = CJSONSerialization.h; sourceTree = "<group>"; };
		4CDFC63B1753017E002FD14E /* CJSONSerialization.m */ = {isa = PBXFileReference; fileEncoding = 4; lastKnownFileType = sourcecode.c.objc; path = CJSONSerialization.m; sourceTree = "<group>"; };
		4CDFC63C1753017E002FD14E /* CJSONSerializedData.h */ = {isa = PBXFileReference; fileEncoding = 4; lastKnownFileType = sourcecode.c.h; path = CJSONSerializedData.h; sourceTree = "<group>"; };
		4CDFC63D1753017E002FD14E /* CJSONSerializedData.m */ = {isa = PBXFileReference; fileEncoding = 4; lastKnownFileType = sourcecode.c.objc; path = CJSONSerializedData.m; sourceTree = "<group>"; };
		4CDFC63F1753017E002FD14E /* CDataScanner_Extensions.h */ = {isa = PBXFileReference; fileEncoding = 4; lastKnownFileType = sourcecode.c.h; path = CDataScanner_Extensions.h; sourceTree = "<group>"; };
		4CDFC6401753017E002FD14E /* CDataScanner_Extensions.m */ = {isa = PBXFileReference; fileEncoding = 4; lastKnownFileType = sourcecode.c.objc; path = CDataScanner_Extensions.m; sourceTree = "<group>"; };
		4CDFC6411753017E002FD14E /* NSDictionary_JSONExtensions.h */ = {isa = PBXFileReference; fileEncoding = 4; lastKnownFileType = sourcecode.c.h; path = NSDictionary_JSONExtensions.h; sourceTree = "<group>"; };
		4CDFC6421753017E002FD14E /* NSDictionary_JSONExtensions.m */ = {isa = PBXFileReference; fileEncoding = 4; lastKnownFileType = sourcecode.c.objc; path = NSDictionary_JSONExtensions.m; sourceTree = "<group>"; };
		4CDFC6441753017E002FD14E /* CJSONDeserializer.h */ = {isa = PBXFileReference; fileEncoding = 4; lastKnownFileType = sourcecode.c.h; path = CJSONDeserializer.h; sourceTree = "<group>"; };
		4CDFC6451753017E002FD14E /* CJSONDeserializer.m */ = {isa = PBXFileReference; fileEncoding = 4; lastKnownFileType = sourcecode.c.objc; path = CJSONDeserializer.m; sourceTree = "<group>"; };
		4CDFC6461753017E002FD14E /* CJSONScanner.h */ = {isa = PBXFileReference; fileEncoding = 4; lastKnownFileType = sourcecode.c.h; path = CJSONScanner.h; sourceTree = "<group>"; };
		4CDFC6471753017E002FD14E /* CJSONScanner.m */ = {isa = PBXFileReference; fileEncoding = 4; lastKnownFileType = sourcecode.c.objc; path = CJSONScanner.m; sourceTree = "<group>"; };
		4CDFC6481753017E002FD14E /* CJSONSerializer.h */ = {isa = PBXFileReference; fileEncoding = 4; lastKnownFileType = sourcecode.c.h; path = CJSONSerializer.h; sourceTree = "<group>"; };
		4CDFC6491753017E002FD14E /* CJSONSerializer.m */ = {isa = PBXFileReference; fileEncoding = 4; lastKnownFileType = sourcecode.c.objc; path = CJSONSerializer.m; sourceTree = "<group>"; };
		4CDFC64A1753017E002FD14E /* JSONRepresentation.h */ = {isa = PBXFileReference; fileEncoding = 4; lastKnownFileType = sourcecode.c.h; path = JSONRepresentation.h; sourceTree = "<group>"; };
		4CDFC64B1753017E002FD14E /* LICENSE.txt */ = {isa = PBXFileReference; fileEncoding = 4; lastKnownFileType = text; path = LICENSE.txt; sourceTree = "<group>"; };
		4CDFC64C1753017E002FD14E /* README.markdown */ = {isa = PBXFileReference; fileEncoding = 4; lastKnownFileType = text; path = README.markdown; sourceTree = "<group>"; };
		4CDFC64F1753017E002FD14E /* MPBannerAdManager.h */ = {isa = PBXFileReference; fileEncoding = 4; lastKnownFileType = sourcecode.c.h; path = MPBannerAdManager.h; sourceTree = "<group>"; };
		4CDFC6501753017E002FD14E /* MPBannerAdManager.m */ = {isa = PBXFileReference; fileEncoding = 4; lastKnownFileType = sourcecode.c.objc; path = MPBannerAdManager.m; sourceTree = "<group>"; };
		4CDFC6511753017E002FD14E /* MPBannerAdManagerDelegate.h */ = {isa = PBXFileReference; fileEncoding = 4; lastKnownFileType = sourcecode.c.h; path = MPBannerAdManagerDelegate.h; sourceTree = "<group>"; };
		4CDFC6521753017E002FD14E /* MPBannerCustomEventAdapter.h */ = {isa = PBXFileReference; fileEncoding = 4; lastKnownFileType = sourcecode.c.h; path = MPBannerCustomEventAdapter.h; sourceTree = "<group>"; };
		4CDFC6531753017E002FD14E /* MPBannerCustomEventAdapter.m */ = {isa = PBXFileReference; fileEncoding = 4; lastKnownFileType = sourcecode.c.objc; path = MPBannerCustomEventAdapter.m; sourceTree = "<group>"; };
		4CDFC6541753017E002FD14E /* MPBaseBannerAdapter.h */ = {isa = PBXFileReference; fileEncoding = 4; lastKnownFileType = sourcecode.c.h; path = MPBaseBannerAdapter.h; sourceTree = "<group>"; };
		4CDFC6551753017E002FD14E /* MPBaseBannerAdapter.m */ = {isa = PBXFileReference; fileEncoding = 4; lastKnownFileType = sourcecode.c.objc; path = MPBaseBannerAdapter.m; sourceTree = "<group>"; };
		4CDFC6561753017E002FD14E /* MPLegacyBannerCustomEventAdapter.h */ = {isa = PBXFileReference; fileEncoding = 4; lastKnownFileType = sourcecode.c.h; path = MPLegacyBannerCustomEventAdapter.h; sourceTree = "<group>"; };
		4CDFC6571753017E002FD14E /* MPLegacyBannerCustomEventAdapter.m */ = {isa = PBXFileReference; fileEncoding = 4; lastKnownFileType = sourcecode.c.objc; path = MPLegacyBannerCustomEventAdapter.m; sourceTree = "<group>"; };
		4CDFC6581753017E002FD14E /* MPPrivateBannerCustomEventDelegate.h */ = {isa = PBXFileReference; fileEncoding = 4; lastKnownFileType = sourcecode.c.h; path = MPPrivateBannerCustomEventDelegate.h; sourceTree = "<group>"; };
		4CDFC65A1753017E002FD14E /* MPAdBrowserController.h */ = {isa = PBXFileReference; fileEncoding = 4; lastKnownFileType = sourcecode.c.h; path = MPAdBrowserController.h; sourceTree = "<group>"; };
		4CDFC65B1753017E002FD14E /* MPAdBrowserController.m */ = {isa = PBXFileReference; fileEncoding = 4; lastKnownFileType = sourcecode.c.objc; path = MPAdBrowserController.m; sourceTree = "<group>"; };
		4CDFC65C1753017E002FD14E /* MPAdBrowserController.xib */ = {isa = PBXFileReference; fileEncoding = 4; lastKnownFileType = file.xib; path = MPAdBrowserController.xib; sourceTree = "<group>"; };
		4CDFC65D1753017E002FD14E /* MPAdConfiguration.h */ = {isa = PBXFileReference; fileEncoding = 4; lastKnownFileType = sourcecode.c.h; path = MPAdConfiguration.h; sourceTree = "<group>"; };
		4CDFC65E1753017E002FD14E /* MPAdConfiguration.m */ = {isa = PBXFileReference; fileEncoding = 4; lastKnownFileType = sourcecode.c.objc; path = MPAdConfiguration.m; sourceTree = "<group>"; };
		4CDFC65F1753017E002FD14E /* MPAdDestinationDisplayAgent.h */ = {isa = PBXFileReference; fileEncoding = 4; lastKnownFileType = sourcecode.c.h; path = MPAdDestinationDisplayAgent.h; sourceTree = "<group>"; };
		4CDFC6601753017E002FD14E /* MPAdDestinationDisplayAgent.m */ = {isa = PBXFileReference; fileEncoding = 4; lastKnownFileType = sourcecode.c.objc; path = MPAdDestinationDisplayAgent.m; sourceTree = "<group>"; };
		4CDFC6611753017E002FD14E /* MPAdServerCommunicator.h */ = {isa = PBXFileReference; fileEncoding = 4; lastKnownFileType = sourcecode.c.h; path = MPAdServerCommunicator.h; sourceTree = "<group>"; };
		4CDFC6621753017E002FD14E /* MPAdServerCommunicator.m */ = {isa = PBXFileReference; fileEncoding = 4; lastKnownFileType = sourcecode.c.objc; path = MPAdServerCommunicator.m; sourceTree = "<group>"; };
		4CDFC6631753017E002FD14E /* MPAdServerURLBuilder.h */ = {isa = PBXFileReference; fileEncoding = 4; lastKnownFileType = sourcecode.c.h; path = MPAdServerURLBuilder.h; sourceTree = "<group>"; };
		4CDFC6641753017E002FD14E /* MPAdServerURLBuilder.m */ = {isa = PBXFileReference; fileEncoding = 4; lastKnownFileType = sourcecode.c.objc; path = MPAdServerURLBuilder.m; sourceTree = "<group>"; };
		4CDFC6651753017E002FD14E /* MPFacebookKeywordProvider.h */ = {isa = PBXFileReference; fileEncoding = 4; lastKnownFileType = sourcecode.c.h; path = MPFacebookKeywordProvider.h; sourceTree = "<group>"; };
		4CDFC6661753017E002FD14E /* MPFacebookKeywordProvider.m */ = {isa = PBXFileReference; fileEncoding = 4; lastKnownFileType = sourcecode.c.objc; path = MPFacebookKeywordProvider.m; sourceTree = "<group>"; };
		4CDFC6671753017E002FD14E /* MPKeywordProvider.h */ = {isa = PBXFileReference; fileEncoding = 4; lastKnownFileType = sourcecode.c.h; path = MPKeywordProvider.h; sourceTree = "<group>"; };
		4CDFC6681753017E002FD14E /* MPProgressOverlayView.h */ = {isa = PBXFileReference; fileEncoding = 4; lastKnownFileType = sourcecode.c.h; path = MPProgressOverlayView.h; sourceTree = "<group>"; };
		4CDFC6691753017E002FD14E /* MPProgressOverlayView.m */ = {isa = PBXFileReference; fileEncoding = 4; lastKnownFileType = sourcecode.c.objc; path = MPProgressOverlayView.m; sourceTree = "<group>"; };
		4CDFC66A1753017E002FD14E /* MPURLResolver.h */ = {isa = PBXFileReference; fileEncoding = 4; lastKnownFileType = sourcecode.c.h; path = MPURLResolver.h; sourceTree = "<group>"; };
		4CDFC66B1753017E002FD14E /* MPURLResolver.m */ = {isa = PBXFileReference; fileEncoding = 4; lastKnownFileType = sourcecode.c.objc; path = MPURLResolver.m; sourceTree = "<group>"; };
		4CDFC66D1753017E002FD14E /* MPAdWebView.h */ = {isa = PBXFileReference; fileEncoding = 4; lastKnownFileType = sourcecode.c.h; path = MPAdWebView.h; sourceTree = "<group>"; };
		4CDFC66E1753017E002FD14E /* MPAdWebView.m */ = {isa = PBXFileReference; fileEncoding = 4; lastKnownFileType = sourcecode.c.objc; path = MPAdWebView.m; sourceTree = "<group>"; };
		4CDFC66F1753017E002FD14E /* MPAdWebViewAgent.h */ = {isa = PBXFileReference; fileEncoding = 4; lastKnownFileType = sourcecode.c.h; path = MPAdWebViewAgent.h; sourceTree = "<group>"; };
		4CDFC6701753017E002FD14E /* MPAdWebViewAgent.m */ = {isa = PBXFileReference; fileEncoding = 4; lastKnownFileType = sourcecode.c.objc; path = MPAdWebViewAgent.m; sourceTree = "<group>"; };
		4CDFC6711753017E002FD14E /* MPHTMLBannerCustomEvent.h */ = {isa = PBXFileReference; fileEncoding = 4; lastKnownFileType = sourcecode.c.h; path = MPHTMLBannerCustomEvent.h; sourceTree = "<group>"; };
		4CDFC6721753017E002FD14E /* MPHTMLBannerCustomEvent.m */ = {isa = PBXFileReference; fileEncoding = 4; lastKnownFileType = sourcecode.c.objc; path = MPHTMLBannerCustomEvent.m; sourceTree = "<group>"; };
		4CDFC6731753017E002FD14E /* MPHTMLInterstitialCustomEvent.h */ = {isa = PBXFileReference; fileEncoding = 4; lastKnownFileType = sourcecode.c.h; path = MPHTMLInterstitialCustomEvent.h; sourceTree = "<group>"; };
		4CDFC6741753017E002FD14E /* MPHTMLInterstitialCustomEvent.m */ = {isa = PBXFileReference; fileEncoding = 4; lastKnownFileType = sourcecode.c.objc; path = MPHTMLInterstitialCustomEvent.m; sourceTree = "<group>"; };
		4CDFC6751753017E002FD14E /* MPHTMLInterstitialViewController.h */ = {isa = PBXFileReference; fileEncoding = 4; lastKnownFileType = sourcecode.c.h; path = MPHTMLInterstitialViewController.h; sourceTree = "<group>"; };
		4CDFC6761753017E002FD14E /* MPHTMLInterstitialViewController.m */ = {isa = PBXFileReference; fileEncoding = 4; lastKnownFileType = sourcecode.c.objc; path = MPHTMLInterstitialViewController.m; sourceTree = "<group>"; };
		4CDFC6781753017E002FD14E /* MPBaseInterstitialAdapter.h */ = {isa = PBXFileReference; fileEncoding = 4; lastKnownFileType = sourcecode.c.h; path = MPBaseInterstitialAdapter.h; sourceTree = "<group>"; };
		4CDFC6791753017E002FD14E /* MPBaseInterstitialAdapter.m */ = {isa = PBXFileReference; fileEncoding = 4; lastKnownFileType = sourcecode.c.objc; path = MPBaseInterstitialAdapter.m; sourceTree = "<group>"; };
		4CDFC67A1753017E002FD14E /* MPInterstitialAdManager.h */ = {isa = PBXFileReference; fileEncoding = 4; lastKnownFileType = sourcecode.c.h; path = MPInterstitialAdManager.h; sourceTree = "<group>"; };
		4CDFC67B1753017E002FD14E /* MPInterstitialAdManager.m */ = {isa = PBXFileReference; fileEncoding = 4; lastKnownFileType = sourcecode.c.objc; path = MPInterstitialAdManager.m; sourceTree = "<group>"; };
		4CDFC67C1753017E002FD14E /* MPInterstitialAdManagerDelegate.h */ = {isa = PBXFileReference; fileEncoding = 4; lastKnownFileType = sourcecode.c.h; path = MPInterstitialAdManagerDelegate.h; sourceTree = "<group>"; };
		4CDFC67D1753017E002FD14E /* MPInterstitialCustomEventAdapter.h */ = {isa = PBXFileReference; fileEncoding = 4; lastKnownFileType = sourcecode.c.h; path = MPInterstitialCustomEventAdapter.h; sourceTree = "<group>"; };
		4CDFC67E1753017E002FD14E /* MPInterstitialCustomEventAdapter.m */ = {isa = PBXFileReference; fileEncoding = 4; lastKnownFileType = sourcecode.c.objc; path = MPInterstitialCustomEventAdapter.m; sourceTree = "<group>"; };
		4CDFC67F1753017E002FD14E /* MPInterstitialViewController.h */ = {isa = PBXFileReference; fileEncoding = 4; lastKnownFileType = sourcecode.c.h; path = MPInterstitialViewController.h; sourceTree = "<group>"; };
		4CDFC6801753017E002FD14E /* MPInterstitialViewController.m */ = {isa = PBXFileReference; fileEncoding = 4; lastKnownFileType = sourcecode.c.objc; path = MPInterstitialViewController.m; sourceTree = "<group>"; };
		4CDFC6811753017E002FD14E /* MPLegacyInterstitialCustomEventAdapter.h */ = {isa = PBXFileReference; fileEncoding = 4; lastKnownFileType = sourcecode.c.h; path = MPLegacyInterstitialCustomEventAdapter.h; sourceTree = "<group>"; };
		4CDFC6821753017E002FD14E /* MPLegacyInterstitialCustomEventAdapter.m */ = {isa = PBXFileReference; fileEncoding = 4; lastKnownFileType = sourcecode.c.objc; path = MPLegacyInterstitialCustomEventAdapter.m; sourceTree = "<group>"; };
		4CDFC6831753017E002FD14E /* MPPrivateInterstitialCustomEventDelegate.h */ = {isa = PBXFileReference; fileEncoding = 4; lastKnownFileType = sourcecode.c.h; path = MPPrivateInterstitialCustomEventDelegate.h; sourceTree = "<group>"; };
		4CDFC6841753017E002FD14E /* MPInstanceProvider.h */ = {isa = PBXFileReference; fileEncoding = 4; lastKnownFileType = sourcecode.c.h; path = MPInstanceProvider.h; sourceTree = "<group>"; };
		4CDFC6851753017E002FD14E /* MPInstanceProvider.m */ = {isa = PBXFileReference; fileEncoding = 4; lastKnownFileType = sourcecode.c.objc; path = MPInstanceProvider.m; sourceTree = "<group>"; };
		4CDFC6871753017E002FD14E /* LICENSE */ = {isa = PBXFileReference; fileEncoding = 4; lastKnownFileType = text; path = LICENSE; sourceTree = "<group>"; };
		4CDFC6881753017E002FD14E /* MPMRAIDBannerCustomEvent.h */ = {isa = PBXFileReference; fileEncoding = 4; lastKnownFileType = sourcecode.c.h; path = MPMRAIDBannerCustomEvent.h; sourceTree = "<group>"; };
		4CDFC6891753017E002FD14E /* MPMRAIDBannerCustomEvent.m */ = {isa = PBXFileReference; fileEncoding = 4; lastKnownFileType = sourcecode.c.objc; path = MPMRAIDBannerCustomEvent.m; sourceTree = "<group>"; };
		4CDFC68A1753017E002FD14E /* MPMRAIDInterstitialCustomEvent.h */ = {isa = PBXFileReference; fileEncoding = 4; lastKnownFileType = sourcecode.c.h; path = MPMRAIDInterstitialCustomEvent.h; sourceTree = "<group>"; };
		4CDFC68B1753017E002FD14E /* MPMRAIDInterstitialCustomEvent.m */ = {isa = PBXFileReference; fileEncoding = 4; lastKnownFileType = sourcecode.c.objc; path = MPMRAIDInterstitialCustomEvent.m; sourceTree = "<group>"; };
		4CDFC68C1753017E002FD14E /* MPMRAIDInterstitialViewController.h */ = {isa = PBXFileReference; fileEncoding = 4; lastKnownFileType = sourcecode.c.h; path = MPMRAIDInterstitialViewController.h; sourceTree = "<group>"; };
		4CDFC68D1753017E002FD14E /* MPMRAIDInterstitialViewController.m */ = {isa = PBXFileReference; fileEncoding = 4; lastKnownFileType = sourcecode.c.objc; path = MPMRAIDInterstitialViewController.m; sourceTree = "<group>"; };
		4CDFC68E1753017E002FD14E /* MRAdView+Controllers.h */ = {isa = PBXFileReference; fileEncoding = 4; lastKnownFileType = sourcecode.c.h; path = "MRAdView+Controllers.h"; sourceTree = "<group>"; };
		4CDFC68F1753017E002FD14E /* MRAdView.h */ = {isa = PBXFileReference; fileEncoding = 4; lastKnownFileType = sourcecode.c.h; path = MRAdView.h; sourceTree = "<group>"; };
		4CDFC6901753017E002FD14E /* MRAdView.m */ = {isa = PBXFileReference; fileEncoding = 4; lastKnownFileType = sourcecode.c.objc; path = MRAdView.m; sourceTree = "<group>"; };
		4CDFC6911753017E002FD14E /* MRAdViewDisplayController.h */ = {isa = PBXFileReference; fileEncoding = 4; lastKnownFileType = sourcecode.c.h; path = MRAdViewDisplayController.h; sourceTree = "<group>"; };
		4CDFC6921753017E002FD14E /* MRAdViewDisplayController.m */ = {isa = PBXFileReference; fileEncoding = 4; lastKnownFileType = sourcecode.c.objc; path = MRAdViewDisplayController.m; sourceTree = "<group>"; };
		4CDFC6931753017E002FD14E /* MRCommand.h */ = {isa = PBXFileReference; fileEncoding = 4; lastKnownFileType = sourcecode.c.h; path = MRCommand.h; sourceTree = "<group>"; };
		4CDFC6941753017E002FD14E /* MRCommand.m */ = {isa = PBXFileReference; fileEncoding = 4; lastKnownFileType = sourcecode.c.objc; path = MRCommand.m; sourceTree = "<group>"; };
		4CDFC6951753017E002FD14E /* MRDimmingView.h */ = {isa = PBXFileReference; fileEncoding = 4; lastKnownFileType = sourcecode.c.h; path = MRDimmingView.h; sourceTree = "<group>"; };
		4CDFC6961753017E002FD14E /* MRDimmingView.m */ = {isa = PBXFileReference; fileEncoding = 4; lastKnownFileType = sourcecode.c.objc; path = MRDimmingView.m; sourceTree = "<group>"; };
		4CDFC6971753017E002FD14E /* MRProperty.h */ = {isa = PBXFileReference; fileEncoding = 4; lastKnownFileType = sourcecode.c.h; path = MRProperty.h; sourceTree = "<group>"; };
		4CDFC6981753017E002FD14E /* MRProperty.m */ = {isa = PBXFileReference; fileEncoding = 4; lastKnownFileType = sourcecode.c.objc; path = MRProperty.m; sourceTree = "<group>"; };
		4CDFC69B1753017E002FD14E /* NSURL+MPAdditions.h */ = {isa = PBXFileReference; fileEncoding = 4; lastKnownFileType = sourcecode.c.h; path = "NSURL+MPAdditions.h"; sourceTree = "<group>"; };
		4CDFC69C1753017E002FD14E /* NSURL+MPAdditions.m */ = {isa = PBXFileReference; fileEncoding = 4; lastKnownFileType = sourcecode.c.objc; path = "NSURL+MPAdditions.m"; sourceTree = "<group>"; };
		4CDFC69D1753017E002FD14E /* UIViewController+MPAdditions.h */ = {isa = PBXFileReference; fileEncoding = 4; lastKnownFileType = sourcecode.c.h; path = "UIViewController+MPAdditions.h"; sourceTree = "<group>"; };
		4CDFC69E1753017E002FD14E /* UIViewController+MPAdditions.m */ = {isa = PBXFileReference; fileEncoding = 4; lastKnownFileType = sourcecode.c.objc; path = "UIViewController+MPAdditions.m"; sourceTree = "<group>"; };
		4CDFC69F1753017E002FD14E /* UIWebView+MPAdditions.h */ = {isa = PBXFileReference; fileEncoding = 4; lastKnownFileType = sourcecode.c.h; path = "UIWebView+MPAdditions.h"; sourceTree = "<group>"; };
		4CDFC6A01753017E002FD14E /* UIWebView+MPAdditions.m */ = {isa = PBXFileReference; fileEncoding = 4; lastKnownFileType = sourcecode.c.objc; path = "UIWebView+MPAdditions.m"; sourceTree = "<group>"; };
		4CDFC6A11753017E002FD14E /* MPAnalyticsTracker.h */ = {isa = PBXFileReference; fileEncoding = 4; lastKnownFileType = sourcecode.c.h; path = MPAnalyticsTracker.h; sourceTree = "<group>"; };
		4CDFC6A21753017E002FD14E /* MPAnalyticsTracker.m */ = {isa = PBXFileReference; fileEncoding = 4; lastKnownFileType = sourcecode.c.objc; path = MPAnalyticsTracker.m; sourceTree = "<group>"; };
		4CDFC6A31753017E002FD14E /* MPError.h */ = {isa = PBXFileReference; fileEncoding = 4; lastKnownFileType = sourcecode.c.h; path = MPError.h; sourceTree = "<group>"; };
		4CDFC6A41753017E002FD14E /* MPError.m */ = {isa = PBXFileReference; fileEncoding = 4; lastKnownFileType = sourcecode.c.objc; path = MPError.m; sourceTree = "<group>"; };
		4CDFC6A51753017E002FD14E /* MPGlobal.h */ = {isa = PBXFileReference; fileEncoding = 4; lastKnownFileType = sourcecode.c.h; path = MPGlobal.h; sourceTree = "<group>"; };
		4CDFC6A61753017E002FD14E /* MPGlobal.m */ = {isa = PBXFileReference; fileEncoding = 4; lastKnownFileType = sourcecode.c.objc; path = MPGlobal.m; sourceTree = "<group>"; };
		4CDFC6A71753017E002FD14E /* MPIdentityProvider.h */ = {isa = PBXFileReference; fileEncoding = 4; lastKnownFileType = sourcecode.c.h; path = MPIdentityProvider.h; sourceTree = "<group>"; };
		4CDFC6A81753017E002FD14E /* MPIdentityProvider.m */ = {isa = PBXFileReference; fileEncoding = 4; lastKnownFileType = sourcecode.c.objc; path = MPIdentityProvider.m; sourceTree = "<group>"; };
		4CDFC6A91753017E002FD14E /* MPLogging.h */ = {isa = PBXFileReference; fileEncoding = 4; lastKnownFileType = sourcecode.c.h; path = MPLogging.h; sourceTree = "<group>"; };
		4CDFC6AA1753017E002FD14E /* MPLogging.m */ = {isa = PBXFileReference; fileEncoding = 4; lastKnownFileType = sourcecode.c.objc; path = MPLogging.m; sourceTree = "<group>"; };
		4CDFC6AB1753017E002FD14E /* MPReachability.h */ = {isa = PBXFileReference; fileEncoding = 4; lastKnownFileType = sourcecode.c.h; path = MPReachability.h; sourceTree = "<group>"; };
		4CDFC6AC1753017E002FD14E /* MPReachability.m */ = {isa = PBXFileReference; fileEncoding = 4; lastKnownFileType = sourcecode.c.objc; path = MPReachability.m; sourceTree = "<group>"; };
		4CDFC6AD1753017E002FD14E /* MPSessionTracker.h */ = {isa = PBXFileReference; fileEncoding = 4; lastKnownFileType = sourcecode.c.h; path = MPSessionTracker.h; sourceTree = "<group>"; };
		4CDFC6AE1753017E002FD14E /* MPSessionTracker.m */ = {isa = PBXFileReference; fileEncoding = 4; lastKnownFileType = sourcecode.c.objc; path = MPSessionTracker.m; sourceTree = "<group>"; };
		4CDFC6AF1753017E002FD14E /* MPStoreKitProvider.h */ = {isa = PBXFileReference; fileEncoding = 4; lastKnownFileType = sourcecode.c.h; path = MPStoreKitProvider.h; sourceTree = "<group>"; };
		4CDFC6B01753017E002FD14E /* MPStoreKitProvider.m */ = {isa = PBXFileReference; fileEncoding = 4; lastKnownFileType = sourcecode.c.objc; path = MPStoreKitProvider.m; sourceTree = "<group>"; };
		4CDFC6B11753017E002FD14E /* MPTimer.h */ = {isa = PBXFileReference; fileEncoding = 4; lastKnownFileType = sourcecode.c.h; path = MPTimer.h; sourceTree = "<group>"; };
		4CDFC6B21753017E002FD14E /* MPTimer.m */ = {isa = PBXFileReference; fileEncoding = 4; lastKnownFileType = sourcecode.c.objc; path = MPTimer.m; sourceTree = "<group>"; };
		4CDFC6B31753017E002FD14E /* MPAdConversionTracker.h */ = {isa = PBXFileReference; fileEncoding = 4; lastKnownFileType = sourcecode.c.h; path = MPAdConversionTracker.h; sourceTree = "<group>"; };
		4CDFC6B41753017E002FD14E /* MPAdConversionTracker.m */ = {isa = PBXFileReference; fileEncoding = 4; lastKnownFileType = sourcecode.c.objc; path = MPAdConversionTracker.m; sourceTree = "<group>"; };
		4CDFC6B51753017E002FD14E /* MPAdView.h */ = {isa = PBXFileReference; fileEncoding = 4; lastKnownFileType = sourcecode.c.h; path = MPAdView.h; sourceTree = "<group>"; };
		4CDFC6B61753017E002FD14E /* MPAdView.m */ = {isa = PBXFileReference; fileEncoding = 4; lastKnownFileType = sourcecode.c.objc; path = MPAdView.m; sourceTree = "<group>"; };
		4CDFC6B71753017E002FD14E /* MPBannerCustomEvent.h */ = {isa = PBXFileReference; fileEncoding = 4; lastKnownFileType = sourcecode.c.h; path = MPBannerCustomEvent.h; sourceTree = "<group>"; };
		4CDFC6B81753017E002FD14E /* MPBannerCustomEvent.m */ = {isa = PBXFileReference; fileEncoding = 4; lastKnownFileType = sourcecode.c.objc; path = MPBannerCustomEvent.m; sourceTree = "<group>"; };
		4CDFC6B91753017E002FD14E /* MPBannerCustomEventDelegate.h */ = {isa = PBXFileReference; fileEncoding = 4; lastKnownFileType = sourcecode.c.h; path = MPBannerCustomEventDelegate.h; sourceTree = "<group>"; };
		4CDFC6BA1753017E002FD14E /* MPConstants.h */ = {isa = PBXFileReference; fileEncoding = 4; lastKnownFileType = sourcecode.c.h; path = MPConstants.h; sourceTree = "<group>"; };
		4CDFC6BB1753017E002FD14E /* MPInterstitialAdController.h */ = {isa = PBXFileReference; fileEncoding = 4; lastKnownFileType = sourcecode.c.h; path = MPInterstitialAdController.h; sourceTree = "<group>"; };
		4CDFC6BC1753017E002FD14E /* MPInterstitialAdController.m */ = {isa = PBXFileReference; fileEncoding = 4; lastKnownFileType = sourcecode.c.objc; path = MPInterstitialAdController.m; sourceTree = "<group>"; };
		4CDFC6BD1753017E002FD14E /* MPInterstitialCustomEvent.h */ = {isa = PBXFileReference; fileEncoding = 4; lastKnownFileType = sourcecode.c.h; path = MPInterstitialCustomEvent.h; sourceTree = "<group>"; };
		4CDFC6BE1753017E002FD14E /* MPInterstitialCustomEvent.m */ = {isa = PBXFileReference; fileEncoding = 4; lastKnownFileType = sourcecode.c.objc; path = MPInterstitialCustomEvent.m; sourceTree = "<group>"; };
		4CDFC6BF1753017E002FD14E /* MPInterstitialCustomEventDelegate.h */ = {isa = PBXFileReference; fileEncoding = 4; lastKnownFileType = sourcecode.c.h; path = MPInterstitialCustomEventDelegate.h; sourceTree = "<group>"; };
		4CDFC6C11753017F002FD14E /* MPCloseButtonX.png */ = {isa = PBXFileReference; lastKnownFileType = image.png; path = MPCloseButtonX.png; sourceTree = "<group>"; };
		4CDFC6C21753017F002FD14E /* MPCloseButtonX@2x.png */ = {isa = PBXFileReference; lastKnownFileType = image.png; path = "MPCloseButtonX@2x.png"; sourceTree = "<group>"; };
		4CDFC6C31753017F002FD14E /* MRAID.bundle */ = {isa = PBXFileReference; lastKnownFileType = "wrapper.plug-in"; path = MRAID.bundle; sourceTree = "<group>"; };
		4CDFC70F175301E8002FD14E /* AdSupport.framework */ = {isa = PBXFileReference; lastKnownFileType = wrapper.framework; name = AdSupport.framework; path = System/Library/Frameworks/AdSupport.framework; sourceTree = SDKROOT; };
		4CDFC711175301F6002FD14E /* CoreLocation.framework */ = {isa = PBXFileReference; lastKnownFileType = wrapper.framework; name = CoreLocation.framework; path = System/Library/Frameworks/CoreLocation.framework; sourceTree = SDKROOT; };
		4CDFC713175301FC002FD14E /* CoreTelephony.framework */ = {isa = PBXFileReference; lastKnownFileType = wrapper.framework; name = CoreTelephony.framework; path = System/Library/Frameworks/CoreTelephony.framework; sourceTree = SDKROOT; };
		4CDFC71517530205002FD14E /* StoreKit.framework */ = {isa = PBXFileReference; lastKnownFileType = wrapper.framework; name = StoreKit.framework; path = System/Library/Frameworks/StoreKit.framework; sourceTree = SDKROOT; };
		4CDFC7171753020F002FD14E /* SystemConfiguration.framework */ = {isa = PBXFileReference; lastKnownFileType = wrapper.framework; name = SystemConfiguration.framework; path = System/Library/Frameworks/SystemConfiguration.framework; sourceTree = SDKROOT; };
		4CDFC71917530217002FD14E /* AudioToolbox.framework */ = {isa = PBXFileReference; lastKnownFileType = wrapper.framework; name = AudioToolbox.framework; path = System/Library/Frameworks/AudioToolbox.framework; sourceTree = SDKROOT; };
		4CDFC71B17530222002FD14E /* AVFoundation.framework */ = {isa = PBXFileReference; lastKnownFileType = wrapper.framework; name = AVFoundation.framework; path = System/Library/Frameworks/AVFoundation.framework; sourceTree = SDKROOT; };
		4CDFC71D17530235002FD14E /* iAd.framework */ = {isa = PBXFileReference; lastKnownFileType = wrapper.framework; name = iAd.framework; path = System/Library/Frameworks/iAd.framework; sourceTree = SDKROOT; };
		4CDFC71F1753023A002FD14E /* MediaPlayer.framework */ = {isa = PBXFileReference; lastKnownFileType = wrapper.framework; name = MediaPlayer.framework; path = System/Library/Frameworks/MediaPlayer.framework; sourceTree = SDKROOT; };
		4CDFC72117530241002FD14E /* MessageUI.framework */ = {isa = PBXFileReference; lastKnownFileType = wrapper.framework; name = MessageUI.framework; path = System/Library/Frameworks/MessageUI.framework; sourceTree = SDKROOT; };
		4CDFC72317530247002FD14E /* PassKit.framework */ = {isa = PBXFileReference; lastKnownFileType = wrapper.framework; name = PassKit.framework; path = System/Library/Frameworks/PassKit.framework; sourceTree = SDKROOT; };
		4CDFC72517530250002FD14E /* MobileCoreServices.framework */ = {isa = PBXFileReference; lastKnownFileType = wrapper.framework; name = MobileCoreServices.framework; path = System/Library/Frameworks/MobileCoreServices.framework; sourceTree = SDKROOT; };
/* End PBXFileReference section */

/* Begin PBXFrameworksBuildPhase section */
		4C2CA0011751BA150066B379 /* Frameworks */ = {
			isa = PBXFrameworksBuildPhase;
			buildActionMask = 2147483647;
			files = (
				4C2CA0491751D2DD0066B379 /* Social.framework in Frameworks */,
				4CDFC72617530250002FD14E /* MobileCoreServices.framework in Frameworks */,
				4CDFC72417530247002FD14E /* PassKit.framework in Frameworks */,
				4CDFC72217530241002FD14E /* MessageUI.framework in Frameworks */,
				4CDFC7201753023A002FD14E /* MediaPlayer.framework in Frameworks */,
				4CDFC71E17530235002FD14E /* iAd.framework in Frameworks */,
				4CDFC71C17530222002FD14E /* AVFoundation.framework in Frameworks */,
				4CDFC71A17530217002FD14E /* AudioToolbox.framework in Frameworks */,
				4CDFC7181753020F002FD14E /* SystemConfiguration.framework in Frameworks */,
				4CDFC71617530205002FD14E /* StoreKit.framework in Frameworks */,
				4CDFC714175301FC002FD14E /* CoreTelephony.framework in Frameworks */,
				4CDFC712175301F6002FD14E /* CoreLocation.framework in Frameworks */,
				4CDFC710175301E8002FD14E /* AdSupport.framework in Frameworks */,
				4C2CA04B1751D2F80066B379 /* Twitter.framework in Frameworks */,
				4C2CA0381751C1D80066B379 /* CoreImage.framework in Frameworks */,
				4C2CA0361751C1D40066B379 /* QuartzCore.framework in Frameworks */,
				4C2CA0081751BA150066B379 /* UIKit.framework in Frameworks */,
				4C2CA00A1751BA150066B379 /* Foundation.framework in Frameworks */,
				4C2CA00C1751BA150066B379 /* CoreGraphics.framework in Frameworks */,
				4CDFC6C61753017F002FD14E /* libGoogleAdMobAds.a in Frameworks */,
				4CDFC6CC1753017F002FD14E /* libMMSDK_5.0.1.a in Frameworks */,
			);
			runOnlyForDeploymentPostprocessing = 0;
		};
/* End PBXFrameworksBuildPhase section */

/* Begin PBXGroup section */
		4C2C9FFB1751BA150066B379 = {
			isa = PBXGroup;
			children = (
				4CDFC72517530250002FD14E /* MobileCoreServices.framework */,
				4CDFC72317530247002FD14E /* PassKit.framework */,
				4CDFC72117530241002FD14E /* MessageUI.framework */,
				4CDFC71F1753023A002FD14E /* MediaPlayer.framework */,
				4CDFC71D17530235002FD14E /* iAd.framework */,
				4CDFC71B17530222002FD14E /* AVFoundation.framework */,
				4CDFC71917530217002FD14E /* AudioToolbox.framework */,
				4CDFC7171753020F002FD14E /* SystemConfiguration.framework */,
				4CDFC71517530205002FD14E /* StoreKit.framework */,
				4CDFC713175301FC002FD14E /* CoreTelephony.framework */,
				4CDFC711175301F6002FD14E /* CoreLocation.framework */,
				4CDFC70F175301E8002FD14E /* AdSupport.framework */,
				4C2CA04A1751D2F80066B379 /* Twitter.framework */,
				4C2CA0481751D2DD0066B379 /* Social.framework */,
				4C2CA0371751C1D80066B379 /* CoreImage.framework */,
				4C2CA0351751C1D40066B379 /* QuartzCore.framework */,
				4C2CA00D1751BA150066B379 /* FaceSloth */,
				4C2CA0061751BA150066B379 /* Frameworks */,
				4C2CA0051751BA150066B379 /* Products */,
			);
			sourceTree = "<group>";
		};
		4C2CA0051751BA150066B379 /* Products */ = {
			isa = PBXGroup;
			children = (
				4C2CA0041751BA150066B379 /* slothify.app */,
			);
			name = Products;
			sourceTree = "<group>";
		};
		4C2CA0061751BA150066B379 /* Frameworks */ = {
			isa = PBXGroup;
			children = (
				4C2CA0071751BA150066B379 /* UIKit.framework */,
				4C2CA0091751BA150066B379 /* Foundation.framework */,
				4C2CA00B1751BA150066B379 /* CoreGraphics.framework */,
			);
			name = Frameworks;
			sourceTree = "<group>";
		};
		4C2CA00D1751BA150066B379 /* FaceSloth */ = {
			isa = PBXGroup;
			children = (
				4CDFC60D1753016B002FD14E /* MoPub */,
				4CDFC3F01752EA62002FD14E /* Icons */,
				4C2CA0161751BA150066B379 /* TGAppDelegate.h */,
				4C2CA0171751BA150066B379 /* TGAppDelegate.m */,
				4C2CA01F1751BA150066B379 /* TGViewController.h */,
				4C2CA0201751BA150066B379 /* TGViewController.m */,
				4C2CA0221751BA150066B379 /* TGViewController.xib */,
				4C2CA00E1751BA150066B379 /* Supporting Files */,
				4C2CA02D1751BDBE0066B379 /* TGImageViewerViewController.h */,
				4C2CA02E1751BDBE0066B379 /* TGImageViewerViewController.m */,
				4C2CA02F1751BDBE0066B379 /* TGImageViewerViewController.xib */,
				4C2CA0321751BF1C0066B379 /* TGSlothRenderer.h */,
				4C2CA0331751BF1C0066B379 /* TGSlothRenderer.m */,
				4C2CA03B1751C65F0066B379 /* Sloth Faces */,
				4C2CA04C1752697E0066B379 /* UIImage+FixOrientation.h */,
				4C2CA04D1752697E0066B379 /* UIImage+FixOrientation.m */,
			);
			path = FaceSloth;
			sourceTree = "<group>";
		};
		4C2CA00E1751BA150066B379 /* Supporting Files */ = {
			isa = PBXGroup;
			children = (
				4C2CA00F1751BA150066B379 /* FaceSloth-Info.plist */,
				4C2CA0101751BA150066B379 /* InfoPlist.strings */,
				4C2CA0131751BA150066B379 /* main.m */,
				4C2CA0151751BA150066B379 /* FaceSloth-Prefix.pch */,
				4C2CA0191751BA150066B379 /* Default.png */,
				4C2CA01B1751BA150066B379 /* Default@2x.png */,
				4C2CA01D1751BA150066B379 /* Default-568h@2x.png */,
			);
			name = "Supporting Files";
			sourceTree = "<group>";
		};
		4C2CA03B1751C65F0066B379 /* Sloth Faces */ = {
			isa = PBXGroup;
			children = (
				4C2CA0391751C65B0066B379 /* slothface1.png */,
				4C2CA03C1751C7480066B379 /* slothface6.png */,
				4C2CA03D1751C7480066B379 /* slothface5.png */,
				4C2CA03E1751C7480066B379 /* slothface4.png */,
				4C2CA03F1751C7480066B379 /* slothface3.png */,
				4C2CA0401751C7480066B379 /* slothface2.png */,
				4C2CA0461751C8DD0066B379 /* slothface7.png */,
			);
			name = "Sloth Faces";
			sourceTree = "<group>";
		};
		4CDFC3F01752EA62002FD14E /* Icons */ = {
			isa = PBXGroup;
			children = (
				4CDFC3EE1752EA5D002FD14E /* icon.png */,
				4CDFC3EC1752EA5B002FD14E /* icon@2x.png */,
			);
			name = Icons;
			sourceTree = "<group>";
		};
		4CDFC60D1753016B002FD14E /* MoPub */ = {
			isa = PBXGroup;
			children = (
				4CDFC60E1753017E002FD14E /* AdNetworkSupport */,
				4CDFC6311753017E002FD14E /* Externals */,
				4CDFC64D1753017E002FD14E /* Internal */,
				4CDFC6B31753017E002FD14E /* MPAdConversionTracker.h */,
				4CDFC6B41753017E002FD14E /* MPAdConversionTracker.m */,
				4CDFC6B51753017E002FD14E /* MPAdView.h */,
				4CDFC6B61753017E002FD14E /* MPAdView.m */,
				4CDFC6B71753017E002FD14E /* MPBannerCustomEvent.h */,
				4CDFC6B81753017E002FD14E /* MPBannerCustomEvent.m */,
				4CDFC6B91753017E002FD14E /* MPBannerCustomEventDelegate.h */,
				4CDFC6BA1753017E002FD14E /* MPConstants.h */,
				4CDFC6BB1753017E002FD14E /* MPInterstitialAdController.h */,
				4CDFC6BC1753017E002FD14E /* MPInterstitialAdController.m */,
				4CDFC6BD1753017E002FD14E /* MPInterstitialCustomEvent.h */,
				4CDFC6BE1753017E002FD14E /* MPInterstitialCustomEvent.m */,
				4CDFC6BF1753017E002FD14E /* MPInterstitialCustomEventDelegate.h */,
				4CDFC6C01753017E002FD14E /* Resources */,
			);
			name = MoPub;
			sourceTree = "<group>";
		};
		4CDFC60E1753017E002FD14E /* AdNetworkSupport */ = {
			isa = PBXGroup;
			children = (
				4CDFC60F1753017E002FD14E /* GoogleAdMob */,
				4CDFC6201753017E002FD14E /* iAd */,
				4CDFC6251753017E002FD14E /* Millennial */,
			);
			path = AdNetworkSupport;
			sourceTree = "<group>";
		};
		4CDFC60F1753017E002FD14E /* GoogleAdMob */ = {
			isa = PBXGroup;
			children = (
				4CDFC6101753017E002FD14E /* MPGoogleAdMobBannerCustomEvent.h */,
				4CDFC6111753017E002FD14E /* MPGoogleAdMobBannerCustomEvent.m */,
				4CDFC6121753017E002FD14E /* MPGoogleAdMobInterstitialCustomEvent.h */,
				4CDFC6131753017E002FD14E /* MPGoogleAdMobInterstitialCustomEvent.m */,
				4CDFC6141753017E002FD14E /* SDK */,
			);
			path = GoogleAdMob;
			sourceTree = "<group>";
		};
		4CDFC6141753017E002FD14E /* SDK */ = {
			isa = PBXGroup;
			children = (
				4CDFC6151753017E002FD14E /* GADAdMobExtras.h */,
				4CDFC6161753017E002FD14E /* GADAdNetworkExtras.h */,
				4CDFC6171753017E002FD14E /* GADAdSize.h */,
				4CDFC6181753017E002FD14E /* GADBannerView.h */,
				4CDFC6191753017E002FD14E /* GADBannerViewDelegate.h */,
				4CDFC61A1753017E002FD14E /* GADInterstitial.h */,
				4CDFC61B1753017E002FD14E /* GADInterstitialDelegate.h */,
				4CDFC61C1753017E002FD14E /* GADRequest.h */,
				4CDFC61D1753017E002FD14E /* GADRequestError.h */,
				4CDFC61E1753017E002FD14E /* libGoogleAdMobAds.a */,
				4CDFC61F1753017E002FD14E /* README.md */,
			);
			path = SDK;
			sourceTree = "<group>";
		};
		4CDFC6201753017E002FD14E /* iAd */ = {
			isa = PBXGroup;
			children = (
				4CDFC6211753017E002FD14E /* MPiAdBannerCustomEvent.h */,
				4CDFC6221753017E002FD14E /* MPiAdBannerCustomEvent.m */,
				4CDFC6231753017E002FD14E /* MPiAdInterstitialCustomEvent.h */,
				4CDFC6241753017E002FD14E /* MPiAdInterstitialCustomEvent.m */,
			);
			path = iAd;
			sourceTree = "<group>";
		};
		4CDFC6251753017E002FD14E /* Millennial */ = {
			isa = PBXGroup;
			children = (
				4CDFC6261753017E002FD14E /* MPMillennialBannerCustomEvent.h */,
				4CDFC6271753017E002FD14E /* MPMillennialBannerCustomEvent.m */,
				4CDFC6281753017E002FD14E /* MPMillennialInterstitialCustomEvent.h */,
				4CDFC6291753017E002FD14E /* MPMillennialInterstitialCustomEvent.m */,
				4CDFC62A1753017E002FD14E /* SDK */,
			);
			path = Millennial;
			sourceTree = "<group>";
		};
		4CDFC62A1753017E002FD14E /* SDK */ = {
			isa = PBXGroup;
			children = (
				4CDFC62B1753017E002FD14E /* libMMSDK_5.0.1.a */,
				4CDFC62C1753017E002FD14E /* MMAdView.h */,
				4CDFC62D1753017E002FD14E /* MMInterstitial.h */,
				4CDFC62E1753017E002FD14E /* MMRequest.h */,
				4CDFC62F1753017E002FD14E /* MMSDK.h */,
				4CDFC6301753017E002FD14E /* README.md */,
			);
			path = SDK;
			sourceTree = "<group>";
		};
		4CDFC6311753017E002FD14E /* Externals */ = {
			isa = PBXGroup;
			children = (
				4CDFC6321753017E002FD14E /* TouchJSON */,
			);
			path = Externals;
			sourceTree = "<group>";
		};
		4CDFC6321753017E002FD14E /* TouchJSON */ = {
			isa = PBXGroup;
			children = (
				4CDFC6331753017E002FD14E /* CDataScanner.h */,
				4CDFC6341753017E002FD14E /* CDataScanner.m */,
				4CDFC6351753017E002FD14E /* Experimental */,
				4CDFC63E1753017E002FD14E /* Extensions */,
				4CDFC6431753017E002FD14E /* JSON */,
				4CDFC64B1753017E002FD14E /* LICENSE.txt */,
				4CDFC64C1753017E002FD14E /* README.markdown */,
			);
			path = TouchJSON;
			sourceTree = "<group>";
		};
		4CDFC6351753017E002FD14E /* Experimental */ = {
			isa = PBXGroup;
			children = (
				4CDFC6361753017E002FD14E /* CFilteringJSONSerializer.h */,
				4CDFC6371753017E002FD14E /* CFilteringJSONSerializer.m */,
				4CDFC6381753017E002FD14E /* CJSONDeserializer_BlocksExtensions.h */,
				4CDFC6391753017E002FD14E /* CJSONDeserializer_BlocksExtensions.m */,
				4CDFC63A1753017E002FD14E /* CJSONSerialization.h */,
				4CDFC63B1753017E002FD14E /* CJSONSerialization.m */,
				4CDFC63C1753017E002FD14E /* CJSONSerializedData.h */,
				4CDFC63D1753017E002FD14E /* CJSONSerializedData.m */,
			);
			path = Experimental;
			sourceTree = "<group>";
		};
		4CDFC63E1753017E002FD14E /* Extensions */ = {
			isa = PBXGroup;
			children = (
				4CDFC63F1753017E002FD14E /* CDataScanner_Extensions.h */,
				4CDFC6401753017E002FD14E /* CDataScanner_Extensions.m */,
				4CDFC6411753017E002FD14E /* NSDictionary_JSONExtensions.h */,
				4CDFC6421753017E002FD14E /* NSDictionary_JSONExtensions.m */,
			);
			path = Extensions;
			sourceTree = "<group>";
		};
		4CDFC6431753017E002FD14E /* JSON */ = {
			isa = PBXGroup;
			children = (
				4CDFC6441753017E002FD14E /* CJSONDeserializer.h */,
				4CDFC6451753017E002FD14E /* CJSONDeserializer.m */,
				4CDFC6461753017E002FD14E /* CJSONScanner.h */,
				4CDFC6471753017E002FD14E /* CJSONScanner.m */,
				4CDFC6481753017E002FD14E /* CJSONSerializer.h */,
				4CDFC6491753017E002FD14E /* CJSONSerializer.m */,
				4CDFC64A1753017E002FD14E /* JSONRepresentation.h */,
			);
			path = JSON;
			sourceTree = "<group>";
		};
		4CDFC64D1753017E002FD14E /* Internal */ = {
			isa = PBXGroup;
			children = (
				4CDFC64E1753017E002FD14E /* Banners */,
				4CDFC6591753017E002FD14E /* Common */,
				4CDFC66C1753017E002FD14E /* HTML */,
				4CDFC6771753017E002FD14E /* Interstitials */,
				4CDFC6841753017E002FD14E /* MPInstanceProvider.h */,
				4CDFC6851753017E002FD14E /* MPInstanceProvider.m */,
				4CDFC6861753017E002FD14E /* MRAID */,
				4CDFC6991753017E002FD14E /* Utility */,
			);
			path = Internal;
			sourceTree = "<group>";
		};
		4CDFC64E1753017E002FD14E /* Banners */ = {
			isa = PBXGroup;
			children = (
				4CDFC64F1753017E002FD14E /* MPBannerAdManager.h */,
				4CDFC6501753017E002FD14E /* MPBannerAdManager.m */,
				4CDFC6511753017E002FD14E /* MPBannerAdManagerDelegate.h */,
				4CDFC6521753017E002FD14E /* MPBannerCustomEventAdapter.h */,
				4CDFC6531753017E002FD14E /* MPBannerCustomEventAdapter.m */,
				4CDFC6541753017E002FD14E /* MPBaseBannerAdapter.h */,
				4CDFC6551753017E002FD14E /* MPBaseBannerAdapter.m */,
				4CDFC6561753017E002FD14E /* MPLegacyBannerCustomEventAdapter.h */,
				4CDFC6571753017E002FD14E /* MPLegacyBannerCustomEventAdapter.m */,
				4CDFC6581753017E002FD14E /* MPPrivateBannerCustomEventDelegate.h */,
			);
			path = Banners;
			sourceTree = "<group>";
		};
		4CDFC6591753017E002FD14E /* Common */ = {
			isa = PBXGroup;
			children = (
				4CDFC65A1753017E002FD14E /* MPAdBrowserController.h */,
				4CDFC65B1753017E002FD14E /* MPAdBrowserController.m */,
				4CDFC65C1753017E002FD14E /* MPAdBrowserController.xib */,
				4CDFC65D1753017E002FD14E /* MPAdConfiguration.h */,
				4CDFC65E1753017E002FD14E /* MPAdConfiguration.m */,
				4CDFC65F1753017E002FD14E /* MPAdDestinationDisplayAgent.h */,
				4CDFC6601753017E002FD14E /* MPAdDestinationDisplayAgent.m */,
				4CDFC6611753017E002FD14E /* MPAdServerCommunicator.h */,
				4CDFC6621753017E002FD14E /* MPAdServerCommunicator.m */,
				4CDFC6631753017E002FD14E /* MPAdServerURLBuilder.h */,
				4CDFC6641753017E002FD14E /* MPAdServerURLBuilder.m */,
				4CDFC6651753017E002FD14E /* MPFacebookKeywordProvider.h */,
				4CDFC6661753017E002FD14E /* MPFacebookKeywordProvider.m */,
				4CDFC6671753017E002FD14E /* MPKeywordProvider.h */,
				4CDFC6681753017E002FD14E /* MPProgressOverlayView.h */,
				4CDFC6691753017E002FD14E /* MPProgressOverlayView.m */,
				4CDFC66A1753017E002FD14E /* MPURLResolver.h */,
				4CDFC66B1753017E002FD14E /* MPURLResolver.m */,
			);
			path = Common;
			sourceTree = "<group>";
		};
		4CDFC66C1753017E002FD14E /* HTML */ = {
			isa = PBXGroup;
			children = (
				4CDFC66D1753017E002FD14E /* MPAdWebView.h */,
				4CDFC66E1753017E002FD14E /* MPAdWebView.m */,
				4CDFC66F1753017E002FD14E /* MPAdWebViewAgent.h */,
				4CDFC6701753017E002FD14E /* MPAdWebViewAgent.m */,
				4CDFC6711753017E002FD14E /* MPHTMLBannerCustomEvent.h */,
				4CDFC6721753017E002FD14E /* MPHTMLBannerCustomEvent.m */,
				4CDFC6731753017E002FD14E /* MPHTMLInterstitialCustomEvent.h */,
				4CDFC6741753017E002FD14E /* MPHTMLInterstitialCustomEvent.m */,
				4CDFC6751753017E002FD14E /* MPHTMLInterstitialViewController.h */,
				4CDFC6761753017E002FD14E /* MPHTMLInterstitialViewController.m */,
			);
			path = HTML;
			sourceTree = "<group>";
		};
		4CDFC6771753017E002FD14E /* Interstitials */ = {
			isa = PBXGroup;
			children = (
				4CDFC6781753017E002FD14E /* MPBaseInterstitialAdapter.h */,
				4CDFC6791753017E002FD14E /* MPBaseInterstitialAdapter.m */,
				4CDFC67A1753017E002FD14E /* MPInterstitialAdManager.h */,
				4CDFC67B1753017E002FD14E /* MPInterstitialAdManager.m */,
				4CDFC67C1753017E002FD14E /* MPInterstitialAdManagerDelegate.h */,
				4CDFC67D1753017E002FD14E /* MPInterstitialCustomEventAdapter.h */,
				4CDFC67E1753017E002FD14E /* MPInterstitialCustomEventAdapter.m */,
				4CDFC67F1753017E002FD14E /* MPInterstitialViewController.h */,
				4CDFC6801753017E002FD14E /* MPInterstitialViewController.m */,
				4CDFC6811753017E002FD14E /* MPLegacyInterstitialCustomEventAdapter.h */,
				4CDFC6821753017E002FD14E /* MPLegacyInterstitialCustomEventAdapter.m */,
				4CDFC6831753017E002FD14E /* MPPrivateInterstitialCustomEventDelegate.h */,
			);
			path = Interstitials;
			sourceTree = "<group>";
		};
		4CDFC6861753017E002FD14E /* MRAID */ = {
			isa = PBXGroup;
			children = (
				4CDFC6871753017E002FD14E /* LICENSE */,
				4CDFC6881753017E002FD14E /* MPMRAIDBannerCustomEvent.h */,
				4CDFC6891753017E002FD14E /* MPMRAIDBannerCustomEvent.m */,
				4CDFC68A1753017E002FD14E /* MPMRAIDInterstitialCustomEvent.h */,
				4CDFC68B1753017E002FD14E /* MPMRAIDInterstitialCustomEvent.m */,
				4CDFC68C1753017E002FD14E /* MPMRAIDInterstitialViewController.h */,
				4CDFC68D1753017E002FD14E /* MPMRAIDInterstitialViewController.m */,
				4CDFC68E1753017E002FD14E /* MRAdView+Controllers.h */,
				4CDFC68F1753017E002FD14E /* MRAdView.h */,
				4CDFC6901753017E002FD14E /* MRAdView.m */,
				4CDFC6911753017E002FD14E /* MRAdViewDisplayController.h */,
				4CDFC6921753017E002FD14E /* MRAdViewDisplayController.m */,
				4CDFC6931753017E002FD14E /* MRCommand.h */,
				4CDFC6941753017E002FD14E /* MRCommand.m */,
				4CDFC6951753017E002FD14E /* MRDimmingView.h */,
				4CDFC6961753017E002FD14E /* MRDimmingView.m */,
				4CDFC6971753017E002FD14E /* MRProperty.h */,
				4CDFC6981753017E002FD14E /* MRProperty.m */,
			);
			path = MRAID;
			sourceTree = "<group>";
		};
		4CDFC6991753017E002FD14E /* Utility */ = {
			isa = PBXGroup;
			children = (
				4CDFC69A1753017E002FD14E /* Categories */,
				4CDFC6A11753017E002FD14E /* MPAnalyticsTracker.h */,
				4CDFC6A21753017E002FD14E /* MPAnalyticsTracker.m */,
				4CDFC6A31753017E002FD14E /* MPError.h */,
				4CDFC6A41753017E002FD14E /* MPError.m */,
				4CDFC6A51753017E002FD14E /* MPGlobal.h */,
				4CDFC6A61753017E002FD14E /* MPGlobal.m */,
				4CDFC6A71753017E002FD14E /* MPIdentityProvider.h */,
				4CDFC6A81753017E002FD14E /* MPIdentityProvider.m */,
				4CDFC6A91753017E002FD14E /* MPLogging.h */,
				4CDFC6AA1753017E002FD14E /* MPLogging.m */,
				4CDFC6AB1753017E002FD14E /* MPReachability.h */,
				4CDFC6AC1753017E002FD14E /* MPReachability.m */,
				4CDFC6AD1753017E002FD14E /* MPSessionTracker.h */,
				4CDFC6AE1753017E002FD14E /* MPSessionTracker.m */,
				4CDFC6AF1753017E002FD14E /* MPStoreKitProvider.h */,
				4CDFC6B01753017E002FD14E /* MPStoreKitProvider.m */,
				4CDFC6B11753017E002FD14E /* MPTimer.h */,
				4CDFC6B21753017E002FD14E /* MPTimer.m */,
			);
			path = Utility;
			sourceTree = "<group>";
		};
		4CDFC69A1753017E002FD14E /* Categories */ = {
			isa = PBXGroup;
			children = (
				4CDFC69B1753017E002FD14E /* NSURL+MPAdditions.h */,
				4CDFC69C1753017E002FD14E /* NSURL+MPAdditions.m */,
				4CDFC69D1753017E002FD14E /* UIViewController+MPAdditions.h */,
				4CDFC69E1753017E002FD14E /* UIViewController+MPAdditions.m */,
				4CDFC69F1753017E002FD14E /* UIWebView+MPAdditions.h */,
				4CDFC6A01753017E002FD14E /* UIWebView+MPAdditions.m */,
			);
			path = Categories;
			sourceTree = "<group>";
		};
		4CDFC6C01753017E002FD14E /* Resources */ = {
			isa = PBXGroup;
			children = (
				4CDFC6C11753017F002FD14E /* MPCloseButtonX.png */,
				4CDFC6C21753017F002FD14E /* MPCloseButtonX@2x.png */,
				4CDFC6C31753017F002FD14E /* MRAID.bundle */,
			);
			path = Resources;
			sourceTree = "<group>";
		};
/* End PBXGroup section */

/* Begin PBXNativeTarget section */
		4C2CA0031751BA150066B379 /* slothify */ = {
			isa = PBXNativeTarget;
			buildConfigurationList = 4C2CA0271751BA150066B379 /* Build configuration list for PBXNativeTarget "slothify" */;
			buildPhases = (
				4C2CA0001751BA150066B379 /* Sources */,
				4C2CA0011751BA150066B379 /* Frameworks */,
				4C2CA0021751BA150066B379 /* Resources */,
			);
			buildRules = (
			);
			dependencies = (
			);
			name = slothify;
			productName = FaceSloth;
			productReference = 4C2CA0041751BA150066B379 /* slothify.app */;
			productType = "com.apple.product-type.application";
		};
/* End PBXNativeTarget section */

/* Begin PBXProject section */
		4C2C9FFC1751BA150066B379 /* Project object */ = {
			isa = PBXProject;
			attributes = {
				CLASSPREFIX = TG;
				LastUpgradeCheck = 0460;
				ORGANIZATIONNAME = "Tim Gostony";
			};
			buildConfigurationList = 4C2C9FFF1751BA150066B379 /* Build configuration list for PBXProject "FaceSloth" */;
			compatibilityVersion = "Xcode 3.2";
			developmentRegion = English;
			hasScannedForEncodings = 0;
			knownRegions = (
				en,
			);
			mainGroup = 4C2C9FFB1751BA150066B379;
			productRefGroup = 4C2CA0051751BA150066B379 /* Products */;
			projectDirPath = "";
			projectRoot = "";
			targets = (
				4C2CA0031751BA150066B379 /* slothify */,
			);
		};
/* End PBXProject section */

/* Begin PBXResourcesBuildPhase section */
		4C2CA0021751BA150066B379 /* Resources */ = {
			isa = PBXResourcesBuildPhase;
			buildActionMask = 2147483647;
			files = (
				4C2CA0121751BA150066B379 /* InfoPlist.strings in Resources */,
				4C2CA01A1751BA150066B379 /* Default.png in Resources */,
				4C2CA01C1751BA150066B379 /* Default@2x.png in Resources */,
				4C2CA01E1751BA150066B379 /* Default-568h@2x.png in Resources */,
				4C2CA0241751BA150066B379 /* TGViewController.xib in Resources */,
				4C2CA0311751BDBE0066B379 /* TGImageViewerViewController.xib in Resources */,
				4C2CA03A1751C65B0066B379 /* slothface1.png in Resources */,
				4C2CA0411751C7480066B379 /* slothface6.png in Resources */,
				4C2CA0421751C7480066B379 /* slothface5.png in Resources */,
				4C2CA0431751C7480066B379 /* slothface4.png in Resources */,
				4C2CA0441751C7480066B379 /* slothface3.png in Resources */,
				4C2CA0451751C7480066B379 /* slothface2.png in Resources */,
				4C2CA0471751C8DD0066B379 /* slothface7.png in Resources */,
				4CDFC3ED1752EA5B002FD14E /* icon@2x.png in Resources */,
				4CDFC3EF1752EA5D002FD14E /* icon.png in Resources */,
				4CDFC6C71753017F002FD14E /* README.md in Resources */,
				4CDFC6CD1753017F002FD14E /* README.md in Resources */,
				4CDFC6D81753017F002FD14E /* LICENSE.txt in Resources */,
				4CDFC6D91753017F002FD14E /* README.markdown in Resources */,
				4CDFC6DF1753017F002FD14E /* MPAdBrowserController.xib in Resources */,
				4CDFC6F21753017F002FD14E /* LICENSE in Resources */,
				4CDFC70C1753017F002FD14E /* MPCloseButtonX.png in Resources */,
				4CDFC70D1753017F002FD14E /* MPCloseButtonX@2x.png in Resources */,
				4CDFC70E1753017F002FD14E /* MRAID.bundle in Resources */,
			);
			runOnlyForDeploymentPostprocessing = 0;
		};
/* End PBXResourcesBuildPhase section */

/* Begin PBXSourcesBuildPhase section */
		4C2CA0001751BA150066B379 /* Sources */ = {
			isa = PBXSourcesBuildPhase;
			buildActionMask = 2147483647;
			files = (
				4C2CA0141751BA150066B379 /* main.m in Sources */,
				4C2CA0181751BA150066B379 /* TGAppDelegate.m in Sources */,
				4C2CA0211751BA150066B379 /* TGViewController.m in Sources */,
				4C2CA0301751BDBE0066B379 /* TGImageViewerViewController.m in Sources */,
				4C2CA0341751BF1C0066B379 /* TGSlothRenderer.m in Sources */,
				4C2CA04E1752697E0066B379 /* UIImage+FixOrientation.m in Sources */,
				4CDFC6C41753017F002FD14E /* MPGoogleAdMobBannerCustomEvent.m in Sources */,
				4CDFC6C51753017F002FD14E /* MPGoogleAdMobInterstitialCustomEvent.m in Sources */,
				4CDFC6C81753017F002FD14E /* MPiAdBannerCustomEvent.m in Sources */,
				4CDFC6C91753017F002FD14E /* MPiAdInterstitialCustomEvent.m in Sources */,
				4CDFC6CA1753017F002FD14E /* MPMillennialBannerCustomEvent.m in Sources */,
				4CDFC6CB1753017F002FD14E /* MPMillennialInterstitialCustomEvent.m in Sources */,
				4CDFC6CE1753017F002FD14E /* CDataScanner.m in Sources */,
				4CDFC6CF1753017F002FD14E /* CFilteringJSONSerializer.m in Sources */,
				4CDFC6D01753017F002FD14E /* CJSONDeserializer_BlocksExtensions.m in Sources */,
				4CDFC6D11753017F002FD14E /* CJSONSerialization.m in Sources */,
				4CDFC6D21753017F002FD14E /* CJSONSerializedData.m in Sources */,
				4CDFC6D31753017F002FD14E /* CDataScanner_Extensions.m in Sources */,
				4CDFC6D41753017F002FD14E /* NSDictionary_JSONExtensions.m in Sources */,
				4CDFC6D51753017F002FD14E /* CJSONDeserializer.m in Sources */,
				4CDFC6D61753017F002FD14E /* CJSONScanner.m in Sources */,
				4CDFC6D71753017F002FD14E /* CJSONSerializer.m in Sources */,
				4CDFC6DA1753017F002FD14E /* MPBannerAdManager.m in Sources */,
				4CDFC6DB1753017F002FD14E /* MPBannerCustomEventAdapter.m in Sources */,
				4CDFC6DC1753017F002FD14E /* MPBaseBannerAdapter.m in Sources */,
				4CDFC6DD1753017F002FD14E /* MPLegacyBannerCustomEventAdapter.m in Sources */,
				4CDFC6DE1753017F002FD14E /* MPAdBrowserController.m in Sources */,
				4CDFC6E01753017F002FD14E /* MPAdConfiguration.m in Sources */,
				4CDFC6E11753017F002FD14E /* MPAdDestinationDisplayAgent.m in Sources */,
				4CDFC6E21753017F002FD14E /* MPAdServerCommunicator.m in Sources */,
				4CDFC6E31753017F002FD14E /* MPAdServerURLBuilder.m in Sources */,
				4CDFC6E41753017F002FD14E /* MPFacebookKeywordProvider.m in Sources */,
				4CDFC6E51753017F002FD14E /* MPProgressOverlayView.m in Sources */,
				4CDFC6E61753017F002FD14E /* MPURLResolver.m in Sources */,
				4CDFC6E71753017F002FD14E /* MPAdWebView.m in Sources */,
				4CDFC6E81753017F002FD14E /* MPAdWebViewAgent.m in Sources */,
				4CDFC6E91753017F002FD14E /* MPHTMLBannerCustomEvent.m in Sources */,
				4CDFC6EA1753017F002FD14E /* MPHTMLInterstitialCustomEvent.m in Sources */,
				4CDFC6EB1753017F002FD14E /* MPHTMLInterstitialViewController.m in Sources */,
				4CDFC6EC1753017F002FD14E /* MPBaseInterstitialAdapter.m in Sources */,
				4CDFC6ED1753017F002FD14E /* MPInterstitialAdManager.m in Sources */,
				4CDFC6EE1753017F002FD14E /* MPInterstitialCustomEventAdapter.m in Sources */,
				4CDFC6EF1753017F002FD14E /* MPInterstitialViewController.m in Sources */,
				4CDFC6F01753017F002FD14E /* MPLegacyInterstitialCustomEventAdapter.m in Sources */,
				4CDFC6F11753017F002FD14E /* MPInstanceProvider.m in Sources */,
				4CDFC6F31753017F002FD14E /* MPMRAIDBannerCustomEvent.m in Sources */,
				4CDFC6F41753017F002FD14E /* MPMRAIDInterstitialCustomEvent.m in Sources */,
				4CDFC6F51753017F002FD14E /* MPMRAIDInterstitialViewController.m in Sources */,
				4CDFC6F61753017F002FD14E /* MRAdView.m in Sources */,
				4CDFC6F71753017F002FD14E /* MRAdViewDisplayController.m in Sources */,
				4CDFC6F81753017F002FD14E /* MRCommand.m in Sources */,
				4CDFC6F91753017F002FD14E /* MRDimmingView.m in Sources */,
				4CDFC6FA1753017F002FD14E /* MRProperty.m in Sources */,
				4CDFC6FB1753017F002FD14E /* NSURL+MPAdditions.m in Sources */,
				4CDFC6FC1753017F002FD14E /* UIViewController+MPAdditions.m in Sources */,
				4CDFC6FD1753017F002FD14E /* UIWebView+MPAdditions.m in Sources */,
				4CDFC6FE1753017F002FD14E /* MPAnalyticsTracker.m in Sources */,
				4CDFC6FF1753017F002FD14E /* MPError.m in Sources */,
				4CDFC7001753017F002FD14E /* MPGlobal.m in Sources */,
				4CDFC7011753017F002FD14E /* MPIdentityProvider.m in Sources */,
				4CDFC7021753017F002FD14E /* MPLogging.m in Sources */,
				4CDFC7031753017F002FD14E /* MPReachability.m in Sources */,
				4CDFC7041753017F002FD14E /* MPSessionTracker.m in Sources */,
				4CDFC7051753017F002FD14E /* MPStoreKitProvider.m in Sources */,
				4CDFC7061753017F002FD14E /* MPTimer.m in Sources */,
				4CDFC7071753017F002FD14E /* MPAdConversionTracker.m in Sources */,
				4CDFC7081753017F002FD14E /* MPAdView.m in Sources */,
				4CDFC7091753017F002FD14E /* MPBannerCustomEvent.m in Sources */,
				4CDFC70A1753017F002FD14E /* MPInterstitialAdController.m in Sources */,
				4CDFC70B1753017F002FD14E /* MPInterstitialCustomEvent.m in Sources */,
			);
			runOnlyForDeploymentPostprocessing = 0;
		};
/* End PBXSourcesBuildPhase section */

/* Begin PBXVariantGroup section */
		4C2CA0101751BA150066B379 /* InfoPlist.strings */ = {
			isa = PBXVariantGroup;
			children = (
				4C2CA0111751BA150066B379 /* en */,
			);
			name = InfoPlist.strings;
			sourceTree = "<group>";
		};
		4C2CA0221751BA150066B379 /* TGViewController.xib */ = {
			isa = PBXVariantGroup;
			children = (
				4C2CA0231751BA150066B379 /* en */,
			);
			name = TGViewController.xib;
			sourceTree = "<group>";
		};
/* End PBXVariantGroup section */

/* Begin XCBuildConfiguration section */
		4C2CA0251751BA150066B379 /* Debug */ = {
			isa = XCBuildConfiguration;
			buildSettings = {
				ALWAYS_SEARCH_USER_PATHS = NO;
				CLANG_CXX_LANGUAGE_STANDARD = "gnu++0x";
				CLANG_CXX_LIBRARY = "libc++";
				CLANG_WARN_CONSTANT_CONVERSION = YES;
				CLANG_WARN_EMPTY_BODY = YES;
				CLANG_WARN_ENUM_CONVERSION = YES;
				CLANG_WARN_INT_CONVERSION = YES;
				CLANG_WARN__DUPLICATE_METHOD_MATCH = YES;
				"CODE_SIGN_IDENTITY[sdk=iphoneos*]" = "iPhone Developer";
				COPY_PHASE_STRIP = NO;
				GCC_C_LANGUAGE_STANDARD = gnu99;
				GCC_DYNAMIC_NO_PIC = NO;
				GCC_OPTIMIZATION_LEVEL = 0;
				GCC_PREPROCESSOR_DEFINITIONS = (
					"DEBUG=1",
					"$(inherited)",
				);
				GCC_SYMBOLS_PRIVATE_EXTERN = NO;
				GCC_WARN_ABOUT_RETURN_TYPE = YES;
				GCC_WARN_UNINITIALIZED_AUTOS = YES;
				GCC_WARN_UNUSED_VARIABLE = YES;
				IPHONEOS_DEPLOYMENT_TARGET = 6.1;
				ONLY_ACTIVE_ARCH = YES;
				SDKROOT = iphoneos;
			};
			name = Debug;
		};
		4C2CA0261751BA150066B379 /* Release */ = {
			isa = XCBuildConfiguration;
			buildSettings = {
				ALWAYS_SEARCH_USER_PATHS = NO;
				CLANG_CXX_LANGUAGE_STANDARD = "gnu++0x";
				CLANG_CXX_LIBRARY = "libc++";
				CLANG_WARN_CONSTANT_CONVERSION = YES;
				CLANG_WARN_EMPTY_BODY = YES;
				CLANG_WARN_ENUM_CONVERSION = YES;
				CLANG_WARN_INT_CONVERSION = YES;
				CLANG_WARN__DUPLICATE_METHOD_MATCH = YES;
				"CODE_SIGN_IDENTITY[sdk=iphoneos*]" = "iPhone Developer";
				COPY_PHASE_STRIP = YES;
				GCC_C_LANGUAGE_STANDARD = gnu99;
				GCC_WARN_ABOUT_RETURN_TYPE = YES;
				GCC_WARN_UNINITIALIZED_AUTOS = YES;
				GCC_WARN_UNUSED_VARIABLE = YES;
				IPHONEOS_DEPLOYMENT_TARGET = 6.1;
				OTHER_CFLAGS = "-DNS_BLOCK_ASSERTIONS=1";
				SDKROOT = iphoneos;
				VALIDATE_PRODUCT = YES;
			};
			name = Release;
		};
		4C2CA0281751BA150066B379 /* Debug */ = {
			isa = XCBuildConfiguration;
			buildSettings = {
				GCC_PRECOMPILE_PREFIX_HEADER = YES;
				GCC_PREFIX_HEADER = "FaceSloth/FaceSloth-Prefix.pch";
				INFOPLIST_FILE = "FaceSloth/FaceSloth-Info.plist";
				IPHONEOS_DEPLOYMENT_TARGET = 5.0;
				LIBRARY_SEARCH_PATHS = (
					"$(inherited)",
					"\"$(SRCROOT)/FaceSloth/AdNetworkSupport/GoogleAdMob/SDK\"",
					"\"$(SRCROOT)/FaceSloth/AdNetworkSupport/Millennial/SDK\"",
				);
				PRODUCT_NAME = "$(TARGET_NAME)";
				WRAPPER_EXTENSION = app;
			};
			name = Debug;
		};
		4C2CA0291751BA150066B379 /* Release */ = {
			isa = XCBuildConfiguration;
			buildSettings = {
				GCC_PRECOMPILE_PREFIX_HEADER = YES;
				GCC_PREFIX_HEADER = "FaceSloth/FaceSloth-Prefix.pch";
				INFOPLIST_FILE = "FaceSloth/FaceSloth-Info.plist";
				IPHONEOS_DEPLOYMENT_TARGET = 5.0;
				LIBRARY_SEARCH_PATHS = (
					"$(inherited)",
					"\"$(SRCROOT)/FaceSloth/AdNetworkSupport/GoogleAdMob/SDK\"",
					"\"$(SRCROOT)/FaceSloth/AdNetworkSupport/Millennial/SDK\"",
				);
				PRODUCT_NAME = "$(TARGET_NAME)";
				WRAPPER_EXTENSION = app;
			};
			name = Release;
		};
/* End XCBuildConfiguration section */

/* Begin XCConfigurationList section */
		4C2C9FFF1751BA150066B379 /* Build configuration list for PBXProject "FaceSloth" */ = {
			isa = XCConfigurationList;
			buildConfigurations = (
				4C2CA0251751BA150066B379 /* Debug */,
				4C2CA0261751BA150066B379 /* Release */,
			);
			defaultConfigurationIsVisible = 0;
			defaultConfigurationName = Release;
		};
		4C2CA0271751BA150066B379 /* Build configuration list for PBXNativeTarget "slothify" */ = {
			isa = XCConfigurationList;
			buildConfigurations = (
				4C2CA0281751BA150066B379 /* Debug */,
				4C2CA0291751BA150066B379 /* Release */,
			);
			defaultConfigurationIsVisible = 0;
			defaultConfigurationName = Release;
		};
/* End XCConfigurationList section */
	};
	rootObject = 4C2C9FFC1751BA150066B379 /* Project object */;
}
