// !$*UTF8*$!
{
	archiveVersion = 1;
	classes = {
	};
	objectVersion = 46;
	objects = {

/* Begin PBXBuildFile section */
		4C2CA0081751BA150066B379 /* UIKit.framework in Frameworks */ = {isa = PBXBuildFile; fileRef = 4C2CA0071751BA150066B379 /* UIKit.framework */; };
		4C2CA00A1751BA150066B379 /* Foundation.framework in Frameworks */ = {isa = PBXBuildFile; fileRef = 4C2CA0091751BA150066B379 /* Foundation.framework */; };
		4C2CA00C1751BA150066B379 /* CoreGraphics.framework in Frameworks */ = {isa = PBXBuildFile; fileRef = 4C2CA00B1751BA150066B379 /* CoreGraphics.framework */; };
		4C2CA0121751BA150066B379 /* InfoPlist.strings in Resources */ = {isa = PBXBuildFile; fileRef = 4C2CA0101751BA150066B379 /* InfoPlist.strings */; };
		4C2CA0141751BA150066B379 /* main.m in Sources */ = {isa = PBXBuildFile; fileRef = 4C2CA0131751BA150066B379 /* main.m */; };
		4C2CA0181751BA150066B379 /* TGAppDelegate.m in Sources */ = {isa = PBXBuildFile; fileRef = 4C2CA0171751BA150066B379 /* TGAppDelegate.m */; };
		4C2CA01A1751BA150066B379 /* Default.png in Resources */ = {isa = PBXBuildFile; fileRef = 4C2CA0191751BA150066B379 /* Default.png */; };
		4C2CA01C1751BA150066B379 /* Default@2x.png in Resources */ = {isa = PBXBuildFile; fileRef = 4C2CA01B1751BA150066B379 /* Default@2x.png */; };
		4C2CA01E1751BA150066B379 /* Default-568h@2x.png in Resources */ = {isa = PBXBuildFile; fileRef = 4C2CA01D1751BA150066B379 /* Default-568h@2x.png */; };
		4C2CA0211751BA150066B379 /* TGViewController.m in Sources */ = {isa = PBXBuildFile; fileRef = 4C2CA0201751BA150066B379 /* TGViewController.m */; };
		4C2CA0241751BA150066B379 /* TGViewController.xib in Resources */ = {isa = PBXBuildFile; fileRef = 4C2CA0221751BA150066B379 /* TGViewController.xib */; };
		4C2CA0301751BDBE0066B379 /* TGImageViewerViewController.m in Sources */ = {isa = PBXBuildFile; fileRef = 4C2CA02E1751BDBE0066B379 /* TGImageViewerViewController.m */; };
		4C2CA0311751BDBE0066B379 /* TGImageViewerViewController.xib in Resources */ = {isa = PBXBuildFile; fileRef = 4C2CA02F1751BDBE0066B379 /* TGImageViewerViewController.xib */; };
		4C2CA0341751BF1C0066B379 /* TGSlothRenderer.m in Sources */ = {isa = PBXBuildFile; fileRef = 4C2CA0331751BF1C0066B379 /* TGSlothRenderer.m */; };
		4C2CA0361751C1D40066B379 /* QuartzCore.framework in Frameworks */ = {isa = PBXBuildFile; fileRef = 4C2CA0351751C1D40066B379 /* QuartzCore.framework */; };
		4C2CA0381751C1D80066B379 /* CoreImage.framework in Frameworks */ = {isa = PBXBuildFile; fileRef = 4C2CA0371751C1D80066B379 /* CoreImage.framework */; };
		4C2CA03A1751C65B0066B379 /* slothface1.png in Resources */ = {isa = PBXBuildFile; fileRef = 4C2CA0391751C65B0066B379 /* slothface1.png */; };
		4C2CA0411751C7480066B379 /* slothface6.png in Resources */ = {isa = PBXBuildFile; fileRef = 4C2CA03C1751C7480066B379 /* slothface6.png */; };
		4C2CA0421751C7480066B379 /* slothface5.png in Resources */ = {isa = PBXBuildFile; fileRef = 4C2CA03D1751C7480066B379 /* slothface5.png */; };
		4C2CA0431751C7480066B379 /* slothface4.png in Resources */ = {isa = PBXBuildFile; fileRef = 4C2CA03E1751C7480066B379 /* slothface4.png */; };
		4C2CA0441751C7480066B379 /* slothface3.png in Resources */ = {isa = PBXBuildFile; fileRef = 4C2CA03F1751C7480066B379 /* slothface3.png */; };
		4C2CA0451751C7480066B379 /* slothface2.png in Resources */ = {isa = PBXBuildFile; fileRef = 4C2CA0401751C7480066B379 /* slothface2.png */; };
		4C2CA0471751C8DD0066B379 /* slothface7.png in Resources */ = {isa = PBXBuildFile; fileRef = 4C2CA0461751C8DD0066B379 /* slothface7.png */; };
/* End PBXBuildFile section */

/* Begin PBXFileReference section */
		4C2CA0041751BA150066B379 /* FaceSloth.app */ = {isa = PBXFileReference; explicitFileType = wrapper.application; includeInIndex = 0; path = FaceSloth.app; sourceTree = BUILT_PRODUCTS_DIR; };
		4C2CA0071751BA150066B379 /* UIKit.framework */ = {isa = PBXFileReference; lastKnownFileType = wrapper.framework; name = UIKit.framework; path = System/Library/Frameworks/UIKit.framework; sourceTree = SDKROOT; };
		4C2CA0091751BA150066B379 /* Foundation.framework */ = {isa = PBXFileReference; lastKnownFileType = wrapper.framework; name = Foundation.framework; path = System/Library/Frameworks/Foundation.framework; sourceTree = SDKROOT; };
		4C2CA00B1751BA150066B379 /* CoreGraphics.framework */ = {isa = PBXFileReference; lastKnownFileType = wrapper.framework; name = CoreGraphics.framework; path = System/Library/Frameworks/CoreGraphics.framework; sourceTree = SDKROOT; };
		4C2CA00F1751BA150066B379 /* FaceSloth-Info.plist */ = {isa = PBXFileReference; lastKnownFileType = text.plist.xml; path = "FaceSloth-Info.plist"; sourceTree = "<group>"; };
		4C2CA0111751BA150066B379 /* en */ = {isa = PBXFileReference; lastKnownFileType = text.plist.strings; name = en; path = en.lproj/InfoPlist.strings; sourceTree = "<group>"; };
		4C2CA0131751BA150066B379 /* main.m */ = {isa = PBXFileReference; lastKnownFileType = sourcecode.c.objc; path = main.m; sourceTree = "<group>"; };
		4C2CA0151751BA150066B379 /* FaceSloth-Prefix.pch */ = {isa = PBXFileReference; lastKnownFileType = sourcecode.c.h; path = "FaceSloth-Prefix.pch"; sourceTree = "<group>"; };
		4C2CA0161751BA150066B379 /* TGAppDelegate.h */ = {isa = PBXFileReference; lastKnownFileType = sourcecode.c.h; path = TGAppDelegate.h; sourceTree = "<group>"; };
		4C2CA0171751BA150066B379 /* TGAppDelegate.m */ = {isa = PBXFileReference; lastKnownFileType = sourcecode.c.objc; path = TGAppDelegate.m; sourceTree = "<group>"; };
		4C2CA0191751BA150066B379 /* Default.png */ = {isa = PBXFileReference; lastKnownFileType = image.png; path = Default.png; sourceTree = "<group>"; };
		4C2CA01B1751BA150066B379 /* Default@2x.png */ = {isa = PBXFileReference; lastKnownFileType = image.png; path = "Default@2x.png"; sourceTree = "<group>"; };
		4C2CA01D1751BA150066B379 /* Default-568h@2x.png */ = {isa = PBXFileReference; lastKnownFileType = image.png; path = "Default-568h@2x.png"; sourceTree = "<group>"; };
		4C2CA01F1751BA150066B379 /* TGViewController.h */ = {isa = PBXFileReference; lastKnownFileType = sourcecode.c.h; path = TGViewController.h; sourceTree = "<group>"; };
		4C2CA0201751BA150066B379 /* TGViewController.m */ = {isa = PBXFileReference; lastKnownFileType = sourcecode.c.objc; path = TGViewController.m; sourceTree = "<group>"; };
		4C2CA0231751BA150066B379 /* en */ = {isa = PBXFileReference; lastKnownFileType = file.xib; name = en; path = en.lproj/TGViewController.xib; sourceTree = "<group>"; };
		4C2CA02D1751BDBE0066B379 /* TGImageViewerViewController.h */ = {isa = PBXFileReference; fileEncoding = 4; lastKnownFileType = sourcecode.c.h; path = TGImageViewerViewController.h; sourceTree = "<group>"; };
		4C2CA02E1751BDBE0066B379 /* TGImageViewerViewController.m */ = {isa = PBXFileReference; fileEncoding = 4; lastKnownFileType = sourcecode.c.objc; path = TGImageViewerViewController.m; sourceTree = "<group>"; };
		4C2CA02F1751BDBE0066B379 /* TGImageViewerViewController.xib */ = {isa = PBXFileReference; fileEncoding = 4; lastKnownFileType = file.xib; path = TGImageViewerViewController.xib; sourceTree = "<group>"; };
		4C2CA0321751BF1C0066B379 /* TGSlothRenderer.h */ = {isa = PBXFileReference; fileEncoding = 4; lastKnownFileType = sourcecode.c.h; path = TGSlothRenderer.h; sourceTree = "<group>"; };
		4C2CA0331751BF1C0066B379 /* TGSlothRenderer.m */ = {isa = PBXFileReference; fileEncoding = 4; lastKnownFileType = sourcecode.c.objc; path = TGSlothRenderer.m; sourceTree = "<group>"; };
		4C2CA0351751C1D40066B379 /* QuartzCore.framework */ = {isa = PBXFileReference; lastKnownFileType = wrapper.framework; name = QuartzCore.framework; path = System/Library/Frameworks/QuartzCore.framework; sourceTree = SDKROOT; };
		4C2CA0371751C1D80066B379 /* CoreImage.framework */ = {isa = PBXFileReference; lastKnownFileType = wrapper.framework; name = CoreImage.framework; path = System/Library/Frameworks/CoreImage.framework; sourceTree = SDKROOT; };
		4C2CA0391751C65B0066B379 /* slothface1.png */ = {isa = PBXFileReference; lastKnownFileType = image.png; path = slothface1.png; sourceTree = "<group>"; };
		4C2CA03C1751C7480066B379 /* slothface6.png */ = {isa = PBXFileReference; lastKnownFileType = image.png; path = slothface6.png; sourceTree = "<group>"; };
		4C2CA03D1751C7480066B379 /* slothface5.png */ = {isa = PBXFileReference; lastKnownFileType = image.png; path = slothface5.png; sourceTree = "<group>"; };
		4C2CA03E1751C7480066B379 /* slothface4.png */ = {isa = PBXFileReference; lastKnownFileType = image.png; path = slothface4.png; sourceTree = "<group>"; };
		4C2CA03F1751C7480066B379 /* slothface3.png */ = {isa = PBXFileReference; lastKnownFileType = image.png; path = slothface3.png; sourceTree = "<group>"; };
		4C2CA0401751C7480066B379 /* slothface2.png */ = {isa = PBXFileReference; lastKnownFileType = image.png; path = slothface2.png; sourceTree = "<group>"; };
		4C2CA0461751C8DD0066B379 /* slothface7.png */ = {isa = PBXFileReference; lastKnownFileType = image.png; path = slothface7.png; sourceTree = "<group>"; };
/* End PBXFileReference section */

/* Begin PBXFrameworksBuildPhase section */
		4C2CA0011751BA150066B379 /* Frameworks */ = {
			isa = PBXFrameworksBuildPhase;
			buildActionMask = 2147483647;
			files = (
				4C2CA0381751C1D80066B379 /* CoreImage.framework in Frameworks */,
				4C2CA0361751C1D40066B379 /* QuartzCore.framework in Frameworks */,
				4C2CA0081751BA150066B379 /* UIKit.framework in Frameworks */,
				4C2CA00A1751BA150066B379 /* Foundation.framework in Frameworks */,
				4C2CA00C1751BA150066B379 /* CoreGraphics.framework in Frameworks */,
			);
			runOnlyForDeploymentPostprocessing = 0;
		};
/* End PBXFrameworksBuildPhase section */

/* Begin PBXGroup section */
		4C2C9FFB1751BA150066B379 = {
			isa = PBXGroup;
			children = (
				4C2CA0371751C1D80066B379 /* CoreImage.framework */,
				4C2CA0351751C1D40066B379 /* QuartzCore.framework */,
				4C2CA00D1751BA150066B379 /* FaceSloth */,
				4C2CA0061751BA150066B379 /* Frameworks */,
				4C2CA0051751BA150066B379 /* Products */,
			);
			sourceTree = "<group>";
		};
		4C2CA0051751BA150066B379 /* Products */ = {
			isa = PBXGroup;
			children = (
				4C2CA0041751BA150066B379 /* FaceSloth.app */,
			);
			name = Products;
			sourceTree = "<group>";
		};
		4C2CA0061751BA150066B379 /* Frameworks */ = {
			isa = PBXGroup;
			children = (
				4C2CA0071751BA150066B379 /* UIKit.framework */,
				4C2CA0091751BA150066B379 /* Foundation.framework */,
				4C2CA00B1751BA150066B379 /* CoreGraphics.framework */,
			);
			name = Frameworks;
			sourceTree = "<group>";
		};
		4C2CA00D1751BA150066B379 /* FaceSloth */ = {
			isa = PBXGroup;
			children = (
				4C2CA0161751BA150066B379 /* TGAppDelegate.h */,
				4C2CA0171751BA150066B379 /* TGAppDelegate.m */,
				4C2CA01F1751BA150066B379 /* TGViewController.h */,
				4C2CA0201751BA150066B379 /* TGViewController.m */,
				4C2CA0221751BA150066B379 /* TGViewController.xib */,
				4C2CA00E1751BA150066B379 /* Supporting Files */,
				4C2CA02D1751BDBE0066B379 /* TGImageViewerViewController.h */,
				4C2CA02E1751BDBE0066B379 /* TGImageViewerViewController.m */,
				4C2CA02F1751BDBE0066B379 /* TGImageViewerViewController.xib */,
				4C2CA0321751BF1C0066B379 /* TGSlothRenderer.h */,
				4C2CA0331751BF1C0066B379 /* TGSlothRenderer.m */,
				4C2CA03B1751C65F0066B379 /* Sloth Faces */,
			);
			path = FaceSloth;
			sourceTree = "<group>";
		};
		4C2CA00E1751BA150066B379 /* Supporting Files */ = {
			isa = PBXGroup;
			children = (
				4C2CA00F1751BA150066B379 /* FaceSloth-Info.plist */,
				4C2CA0101751BA150066B379 /* InfoPlist.strings */,
				4C2CA0131751BA150066B379 /* main.m */,
				4C2CA0151751BA150066B379 /* FaceSloth-Prefix.pch */,
				4C2CA0191751BA150066B379 /* Default.png */,
				4C2CA01B1751BA150066B379 /* Default@2x.png */,
				4C2CA01D1751BA150066B379 /* Default-568h@2x.png */,
			);
			name = "Supporting Files";
			sourceTree = "<group>";
		};
		4C2CA03B1751C65F0066B379 /* Sloth Faces */ = {
			isa = PBXGroup;
			children = (
				4C2CA0391751C65B0066B379 /* slothface1.png */,
				4C2CA03C1751C7480066B379 /* slothface6.png */,
				4C2CA03D1751C7480066B379 /* slothface5.png */,
				4C2CA03E1751C7480066B379 /* slothface4.png */,
				4C2CA03F1751C7480066B379 /* slothface3.png */,
				4C2CA0401751C7480066B379 /* slothface2.png */,
				4C2CA0461751C8DD0066B379 /* slothface7.png */,
			);
			name = "Sloth Faces";
			sourceTree = "<group>";
		};
/* End PBXGroup section */

/* Begin PBXNativeTarget section */
		4C2CA0031751BA150066B379 /* FaceSloth */ = {
			isa = PBXNativeTarget;
			buildConfigurationList = 4C2CA0271751BA150066B379 /* Build configuration list for PBXNativeTarget "FaceSloth" */;
			buildPhases = (
				4C2CA0001751BA150066B379 /* Sources */,
				4C2CA0011751BA150066B379 /* Frameworks */,
				4C2CA0021751BA150066B379 /* Resources */,
			);
			buildRules = (
			);
			dependencies = (
			);
			name = FaceSloth;
			productName = FaceSloth;
			productReference = 4C2CA0041751BA150066B379 /* FaceSloth.app */;
			productType = "com.apple.product-type.application";
		};
/* End PBXNativeTarget section */

/* Begin PBXProject section */
		4C2C9FFC1751BA150066B379 /* Project object */ = {
			isa = PBXProject;
			attributes = {
				CLASSPREFIX = TG;
				LastUpgradeCheck = 0460;
				ORGANIZATIONNAME = "Tim Gostony";
			};
			buildConfigurationList = 4C2C9FFF1751BA150066B379 /* Build configuration list for PBXProject "FaceSloth" */;
			compatibilityVersion = "Xcode 3.2";
			developmentRegion = English;
			hasScannedForEncodings = 0;
			knownRegions = (
				en,
			);
			mainGroup = 4C2C9FFB1751BA150066B379;
			productRefGroup = 4C2CA0051751BA150066B379 /* Products */;
			projectDirPath = "";
			projectRoot = "";
			targets = (
				4C2CA0031751BA150066B379 /* FaceSloth */,
			);
		};
/* End PBXProject section */

/* Begin PBXResourcesBuildPhase section */
		4C2CA0021751BA150066B379 /* Resources */ = {
			isa = PBXResourcesBuildPhase;
			buildActionMask = 2147483647;
			files = (
				4C2CA0121751BA150066B379 /* InfoPlist.strings in Resources */,
				4C2CA01A1751BA150066B379 /* Default.png in Resources */,
				4C2CA01C1751BA150066B379 /* Default@2x.png in Resources */,
				4C2CA01E1751BA150066B379 /* Default-568h@2x.png in Resources */,
				4C2CA0241751BA150066B379 /* TGViewController.xib in Resources */,
				4C2CA0311751BDBE0066B379 /* TGImageViewerViewController.xib in Resources */,
				4C2CA03A1751C65B0066B379 /* slothface1.png in Resources */,
				4C2CA0411751C7480066B379 /* slothface6.png in Resources */,
				4C2CA0421751C7480066B379 /* slothface5.png in Resources */,
				4C2CA0431751C7480066B379 /* slothface4.png in Resources */,
				4C2CA0441751C7480066B379 /* slothface3.png in Resources */,
				4C2CA0451751C7480066B379 /* slothface2.png in Resources */,
				4C2CA0471751C8DD0066B379 /* slothface7.png in Resources */,
			);
			runOnlyForDeploymentPostprocessing = 0;
		};
/* End PBXResourcesBuildPhase section */

/* Begin PBXSourcesBuildPhase section */
		4C2CA0001751BA150066B379 /* Sources */ = {
			isa = PBXSourcesBuildPhase;
			buildActionMask = 2147483647;
			files = (
				4C2CA0141751BA150066B379 /* main.m in Sources */,
				4C2CA0181751BA150066B379 /* TGAppDelegate.m in Sources */,
				4C2CA0211751BA150066B379 /* TGViewController.m in Sources */,
				4C2CA0301751BDBE0066B379 /* TGImageViewerViewController.m in Sources */,
				4C2CA0341751BF1C0066B379 /* TGSlothRenderer.m in Sources */,
			);
			runOnlyForDeploymentPostprocessing = 0;
		};
/* End PBXSourcesBuildPhase section */

/* Begin PBXVariantGroup section */
		4C2CA0101751BA150066B379 /* InfoPlist.strings */ = {
			isa = PBXVariantGroup;
			children = (
				4C2CA0111751BA150066B379 /* en */,
			);
			name = InfoPlist.strings;
			sourceTree = "<group>";
		};
		4C2CA0221751BA150066B379 /* TGViewController.xib */ = {
			isa = PBXVariantGroup;
			children = (
				4C2CA0231751BA150066B379 /* en */,
			);
			name = TGViewController.xib;
			sourceTree = "<group>";
		};
/* End PBXVariantGroup section */

/* Begin XCBuildConfiguration section */
		4C2CA0251751BA150066B379 /* Debug */ = {
			isa = XCBuildConfiguration;
			buildSettings = {
				ALWAYS_SEARCH_USER_PATHS = NO;
				CLANG_CXX_LANGUAGE_STANDARD = "gnu++0x";
				CLANG_CXX_LIBRARY = "libc++";
				CLANG_WARN_CONSTANT_CONVERSION = YES;
				CLANG_WARN_EMPTY_BODY = YES;
				CLANG_WARN_ENUM_CONVERSION = YES;
				CLANG_WARN_INT_CONVERSION = YES;
				CLANG_WARN__DUPLICATE_METHOD_MATCH = YES;
				"CODE_SIGN_IDENTITY[sdk=iphoneos*]" = "iPhone Developer";
				COPY_PHASE_STRIP = NO;
				GCC_C_LANGUAGE_STANDARD = gnu99;
				GCC_DYNAMIC_NO_PIC = NO;
				GCC_OPTIMIZATION_LEVEL = 0;
				GCC_PREPROCESSOR_DEFINITIONS = (
					"DEBUG=1",
					"$(inherited)",
				);
				GCC_SYMBOLS_PRIVATE_EXTERN = NO;
				GCC_WARN_ABOUT_RETURN_TYPE = YES;
				GCC_WARN_UNINITIALIZED_AUTOS = YES;
				GCC_WARN_UNUSED_VARIABLE = YES;
				IPHONEOS_DEPLOYMENT_TARGET = 6.1;
				ONLY_ACTIVE_ARCH = YES;
				SDKROOT = iphoneos;
			};
			name = Debug;
		};
		4C2CA0261751BA150066B379 /* Release */ = {
			isa = XCBuildConfiguration;
			buildSettings = {
				ALWAYS_SEARCH_USER_PATHS = NO;
				CLANG_CXX_LANGUAGE_STANDARD = "gnu++0x";
				CLANG_CXX_LIBRARY = "libc++";
				CLANG_WARN_CONSTANT_CONVERSION = YES;
				CLANG_WARN_EMPTY_BODY = YES;
				CLANG_WARN_ENUM_CONVERSION = YES;
				CLANG_WARN_INT_CONVERSION = YES;
				CLANG_WARN__DUPLICATE_METHOD_MATCH = YES;
				"CODE_SIGN_IDENTITY[sdk=iphoneos*]" = "iPhone Developer";
				COPY_PHASE_STRIP = YES;
				GCC_C_LANGUAGE_STANDARD = gnu99;
				GCC_WARN_ABOUT_RETURN_TYPE = YES;
				GCC_WARN_UNINITIALIZED_AUTOS = YES;
				GCC_WARN_UNUSED_VARIABLE = YES;
				IPHONEOS_DEPLOYMENT_TARGET = 6.1;
				OTHER_CFLAGS = "-DNS_BLOCK_ASSERTIONS=1";
				SDKROOT = iphoneos;
				VALIDATE_PRODUCT = YES;
			};
			name = Release;
		};
		4C2CA0281751BA150066B379 /* Debug */ = {
			isa = XCBuildConfiguration;
			buildSettings = {
				GCC_PRECOMPILE_PREFIX_HEADER = YES;
				GCC_PREFIX_HEADER = "FaceSloth/FaceSloth-Prefix.pch";
				INFOPLIST_FILE = "FaceSloth/FaceSloth-Info.plist";
				PRODUCT_NAME = "$(TARGET_NAME)";
				WRAPPER_EXTENSION = app;
			};
			name = Debug;
		};
		4C2CA0291751BA150066B379 /* Release */ = {
			isa = XCBuildConfiguration;
			buildSettings = {
				GCC_PRECOMPILE_PREFIX_HEADER = YES;
				GCC_PREFIX_HEADER = "FaceSloth/FaceSloth-Prefix.pch";
				INFOPLIST_FILE = "FaceSloth/FaceSloth-Info.plist";
				PRODUCT_NAME = "$(TARGET_NAME)";
				WRAPPER_EXTENSION = app;
			};
			name = Release;
		};
/* End XCBuildConfiguration section */

/* Begin XCConfigurationList section */
		4C2C9FFF1751BA150066B379 /* Build configuration list for PBXProject "FaceSloth" */ = {
			isa = XCConfigurationList;
			buildConfigurations = (
				4C2CA0251751BA150066B379 /* Debug */,
				4C2CA0261751BA150066B379 /* Release */,
			);
			defaultConfigurationIsVisible = 0;
			defaultConfigurationName = Release;
		};
		4C2CA0271751BA150066B379 /* Build configuration list for PBXNativeTarget "FaceSloth" */ = {
			isa = XCConfigurationList;
			buildConfigurations = (
				4C2CA0281751BA150066B379 /* Debug */,
				4C2CA0291751BA150066B379 /* Release */,
			);
			defaultConfigurationIsVisible = 0;
		};
/* End XCConfigurationList section */
	};
	rootObject = 4C2C9FFC1751BA150066B379 /* Project object */;
}
